// !$*UTF8*$!
{
	archiveVersion = 1;
	classes = {
	};
	objectVersion = 46;
	objects = {

/* Begin PBXBuildFile section */
		753C7C1F16F24E8300165E34 /* Foliation.cpp in Sources */ = {isa = PBXBuildFile; fileRef = 753C7C1D16F24E8300165E34 /* Foliation.cpp */; };
		753C7C2216F2577C00165E34 /* IntervalExchangeMap.cpp in Sources */ = {isa = PBXBuildFile; fileRef = 753C7C2016F2577C00165E34 /* IntervalExchangeMap.cpp */; };
		753C7C2416F4062600165E34 /* FoliationRP2.cpp in Sources */ = {isa = PBXBuildFile; fileRef = 75D83AF916F1597100672E20 /* FoliationRP2.cpp */; };
		753C7C2616F4E75000165E34 /* global.cpp in Sources */ = {isa = PBXBuildFile; fileRef = 753C7C2516F4E75000165E34 /* global.cpp */; };
		75D839A416F158F600672E20 /* main.cpp in Sources */ = {isa = PBXBuildFile; fileRef = 75D839A316F158F600672E20 /* main.cpp */; };
		75D839A616F158F600672E20 /* Arnoux_Yoccoz.1 in CopyFiles */ = {isa = PBXBuildFile; fileRef = 75D839A516F158F600672E20 /* Arnoux_Yoccoz.1 */; };
		75D83B0116F1597100672E20 /* AlmostPFMatrix.cpp in Sources */ = {isa = PBXBuildFile; fileRef = 75D839AC16F1597100672E20 /* AlmostPFMatrix.cpp */; };
		75D83B0316F1597100672E20 /* ArcsAroundDivPoints.cpp in Sources */ = {isa = PBXBuildFile; fileRef = 75D839B016F1597100672E20 /* ArcsAroundDivPoints.cpp */; };
		75D83B0416F1597100672E20 /* UnitIntervalPoint.cpp in Sources */ = {isa = PBXBuildFile; fileRef = 75D839B216F1597100672E20 /* UnitIntervalPoint.cpp */; };
		75D83B0716F1597100672E20 /* WeighedTree.cpp in Sources */ = {isa = PBXBuildFile; fileRef = 75D83AFF16F1597100672E20 /* WeighedTree.cpp */; };
/* End PBXBuildFile section */

/* Begin PBXCopyFilesBuildPhase section */
		75D8399E16F158F600672E20 /* CopyFiles */ = {
			isa = PBXCopyFilesBuildPhase;
			buildActionMask = 2147483647;
			dstPath = /usr/share/man/man1/;
			dstSubfolderSpec = 0;
			files = (
				75D839A616F158F600672E20 /* Arnoux_Yoccoz.1 in CopyFiles */,
			);
			runOnlyForDeploymentPostprocessing = 1;
		};
/* End PBXCopyFilesBuildPhase section */

/* Begin PBXFileReference section */
		753C7C1D16F24E8300165E34 /* Foliation.cpp */ = {isa = PBXFileReference; fileEncoding = 4; lastKnownFileType = sourcecode.cpp.cpp; path = Foliation.cpp; sourceTree = "<group>"; };
		753C7C1E16F24E8300165E34 /* Foliation.h */ = {isa = PBXFileReference; fileEncoding = 4; lastKnownFileType = sourcecode.c.h; path = Foliation.h; sourceTree = "<group>"; };
		753C7C2016F2577C00165E34 /* IntervalExchangeMap.cpp */ = {isa = PBXFileReference; fileEncoding = 4; lastKnownFileType = sourcecode.cpp.cpp; path = IntervalExchangeMap.cpp; sourceTree = "<group>"; };
		753C7C2116F2577C00165E34 /* IntervalExchangeMap.h */ = {isa = PBXFileReference; fileEncoding = 4; lastKnownFileType = sourcecode.c.h; path = IntervalExchangeMap.h; sourceTree = "<group>"; };
		753C7C2516F4E75000165E34 /* global.cpp */ = {isa = PBXFileReference; fileEncoding = 4; lastKnownFileType = sourcecode.cpp.cpp; path = global.cpp; sourceTree = "<group>"; };
		75D839A016F158F600672E20 /* Arnoux_Yoccoz */ = {isa = PBXFileReference; explicitFileType = "compiled.mach-o.executable"; includeInIndex = 0; path = Arnoux_Yoccoz; sourceTree = BUILT_PRODUCTS_DIR; };
		75D839A316F158F600672E20 /* main.cpp */ = {isa = PBXFileReference; lastKnownFileType = sourcecode.cpp.cpp; path = main.cpp; sourceTree = "<group>"; };
		75D839A516F158F600672E20 /* Arnoux_Yoccoz.1 */ = {isa = PBXFileReference; lastKnownFileType = text.man; path = Arnoux_Yoccoz.1; sourceTree = "<group>"; };
		75D839AC16F1597100672E20 /* AlmostPFMatrix.cpp */ = {isa = PBXFileReference; fileEncoding = 4; lastKnownFileType = sourcecode.cpp.cpp; path = AlmostPFMatrix.cpp; sourceTree = "<group>"; };
		75D839AD16F1597100672E20 /* AlmostPFMatrix.h */ = {isa = PBXFileReference; fileEncoding = 4; lastKnownFileType = sourcecode.c.h; path = AlmostPFMatrix.h; sourceTree = "<group>"; };
		75D839B016F1597100672E20 /* ArcsAroundDivPoints.cpp */ = {isa = PBXFileReference; fileEncoding = 4; lastKnownFileType = sourcecode.cpp.cpp; path = ArcsAroundDivPoints.cpp; sourceTree = "<group>"; };
		75D839B116F1597100672E20 /* ArcsAroundDivPoints.h */ = {isa = PBXFileReference; fileEncoding = 4; lastKnownFileType = sourcecode.c.h; path = ArcsAroundDivPoints.h; sourceTree = "<group>"; };
		75D839B216F1597100672E20 /* UnitIntervalPoint.cpp */ = {isa = PBXFileReference; fileEncoding = 4; lastKnownFileType = sourcecode.cpp.cpp; path = UnitIntervalPoint.cpp; sourceTree = "<group>"; };
		75D839B316F1597100672E20 /* UnitIntervalPoint.h */ = {isa = PBXFileReference; fileEncoding = 4; lastKnownFileType = sourcecode.c.h; path = UnitIntervalPoint.h; sourceTree = "<group>"; };
		75D839B516F1597100672E20 /* Array */ = {isa = PBXFileReference; fileEncoding = 4; lastKnownFileType = text; path = Array; sourceTree = "<group>"; };
		75D839B616F1597100672E20 /* Cholesky */ = {isa = PBXFileReference; fileEncoding = 4; lastKnownFileType = text; path = Cholesky; sourceTree = "<group>"; };
		75D839B716F1597100672E20 /* CholmodSupport */ = {isa = PBXFileReference; fileEncoding = 4; lastKnownFileType = text; path = CholmodSupport; sourceTree = "<group>"; };
		75D839B816F1597100672E20 /* CMakeLists.txt */ = {isa = PBXFileReference; fileEncoding = 4; lastKnownFileType = text; path = CMakeLists.txt; sourceTree = "<group>"; };
		75D839B916F1597100672E20 /* Core */ = {isa = PBXFileReference; fileEncoding = 4; lastKnownFileType = text; path = Core; sourceTree = "<group>"; };
		75D839BA16F1597100672E20 /* Dense */ = {isa = PBXFileReference; fileEncoding = 4; lastKnownFileType = text; path = Dense; sourceTree = "<group>"; };
		75D839BB16F1597100672E20 /* Eigen */ = {isa = PBXFileReference; fileEncoding = 4; lastKnownFileType = text; path = Eigen; sourceTree = "<group>"; };
		75D839BC16F1597100672E20 /* Eigen2Support */ = {isa = PBXFileReference; fileEncoding = 4; lastKnownFileType = text; path = Eigen2Support; sourceTree = "<group>"; };
		75D839BD16F1597100672E20 /* Eigenvalues */ = {isa = PBXFileReference; fileEncoding = 4; lastKnownFileType = text; path = Eigenvalues; sourceTree = "<group>"; };
		75D839BE16F1597100672E20 /* Geometry */ = {isa = PBXFileReference; fileEncoding = 4; lastKnownFileType = text; path = Geometry; sourceTree = "<group>"; };
		75D839BF16F1597100672E20 /* Householder */ = {isa = PBXFileReference; fileEncoding = 4; lastKnownFileType = text; path = Householder; sourceTree = "<group>"; };
		75D839C016F1597100672E20 /* IterativeLinearSolvers */ = {isa = PBXFileReference; fileEncoding = 4; lastKnownFileType = text; path = IterativeLinearSolvers; sourceTree = "<group>"; };
		75D839C116F1597100672E20 /* Jacobi */ = {isa = PBXFileReference; fileEncoding = 4; lastKnownFileType = text; path = Jacobi; sourceTree = "<group>"; };
		75D839C216F1597100672E20 /* LeastSquares */ = {isa = PBXFileReference; fileEncoding = 4; lastKnownFileType = text; path = LeastSquares; sourceTree = "<group>"; };
		75D839C316F1597100672E20 /* LU */ = {isa = PBXFileReference; fileEncoding = 4; lastKnownFileType = text; path = LU; sourceTree = "<group>"; };
		75D839C416F1597100672E20 /* OrderingMethods */ = {isa = PBXFileReference; fileEncoding = 4; lastKnownFileType = text; path = OrderingMethods; sourceTree = "<group>"; };
		75D839C516F1597100672E20 /* PardisoSupport */ = {isa = PBXFileReference; fileEncoding = 4; lastKnownFileType = text; path = PardisoSupport; sourceTree = "<group>"; };
		75D839C616F1597100672E20 /* PaStiXSupport */ = {isa = PBXFileReference; fileEncoding = 4; lastKnownFileType = text; path = PaStiXSupport; sourceTree = "<group>"; };
		75D839C716F1597100672E20 /* QR */ = {isa = PBXFileReference; fileEncoding = 4; lastKnownFileType = text; path = QR; sourceTree = "<group>"; };
		75D839C816F1597100672E20 /* QtAlignedMalloc */ = {isa = PBXFileReference; fileEncoding = 4; lastKnownFileType = text; path = QtAlignedMalloc; sourceTree = "<group>"; };
		75D839C916F1597100672E20 /* Sparse */ = {isa = PBXFileReference; fileEncoding = 4; lastKnownFileType = text; path = Sparse; sourceTree = "<group>"; };
		75D839CA16F1597100672E20 /* SparseCholesky */ = {isa = PBXFileReference; fileEncoding = 4; lastKnownFileType = text; path = SparseCholesky; sourceTree = "<group>"; };
		75D839CB16F1597100672E20 /* SparseCore */ = {isa = PBXFileReference; fileEncoding = 4; lastKnownFileType = text; path = SparseCore; sourceTree = "<group>"; };
		75D839CE16F1597100672E20 /* CMakeLists.txt */ = {isa = PBXFileReference; fileEncoding = 4; lastKnownFileType = text; path = CMakeLists.txt; sourceTree = "<group>"; };
		75D839CF16F1597100672E20 /* LDLT.h */ = {isa = PBXFileReference; fileEncoding = 4; lastKnownFileType = sourcecode.c.h; path = LDLT.h; sourceTree = "<group>"; };
		75D839D016F1597100672E20 /* LLT.h */ = {isa = PBXFileReference; fileEncoding = 4; lastKnownFileType = sourcecode.c.h; path = LLT.h; sourceTree = "<group>"; };
		75D839D116F1597100672E20 /* LLT_MKL.h */ = {isa = PBXFileReference; fileEncoding = 4; lastKnownFileType = sourcecode.c.h; path = LLT_MKL.h; sourceTree = "<group>"; };
		75D839D316F1597100672E20 /* CholmodSupport.h */ = {isa = PBXFileReference; fileEncoding = 4; lastKnownFileType = sourcecode.c.h; path = CholmodSupport.h; sourceTree = "<group>"; };
		75D839D416F1597100672E20 /* CMakeLists.txt */ = {isa = PBXFileReference; fileEncoding = 4; lastKnownFileType = text; path = CMakeLists.txt; sourceTree = "<group>"; };
		75D839D516F1597100672E20 /* CMakeLists.txt */ = {isa = PBXFileReference; fileEncoding = 4; lastKnownFileType = text; path = CMakeLists.txt; sourceTree = "<group>"; };
		75D839D916F1597100672E20 /* CMakeLists.txt */ = {isa = PBXFileReference; fileEncoding = 4; lastKnownFileType = text; path = CMakeLists.txt; sourceTree = "<group>"; };
		75D839DA16F1597100672E20 /* Complex.h */ = {isa = PBXFileReference; fileEncoding = 4; lastKnownFileType = sourcecode.c.h; path = Complex.h; sourceTree = "<group>"; };
		75D839DB16F1597100672E20 /* PacketMath.h */ = {isa = PBXFileReference; fileEncoding = 4; lastKnownFileType = sourcecode.c.h; path = PacketMath.h; sourceTree = "<group>"; };
		75D839DC16F1597100672E20 /* CMakeLists.txt */ = {isa = PBXFileReference; fileEncoding = 4; lastKnownFileType = text; path = CMakeLists.txt; sourceTree = "<group>"; };
		75D839DE16F1597100672E20 /* CMakeLists.txt */ = {isa = PBXFileReference; fileEncoding = 4; lastKnownFileType = text; path = CMakeLists.txt; sourceTree = "<group>"; };
		75D839DF16F1597100672E20 /* Settings.h */ = {isa = PBXFileReference; fileEncoding = 4; lastKnownFileType = sourcecode.c.h; path = Settings.h; sourceTree = "<group>"; };
		75D839E116F1597100672E20 /* CMakeLists.txt */ = {isa = PBXFileReference; fileEncoding = 4; lastKnownFileType = text; path = CMakeLists.txt; sourceTree = "<group>"; };
		75D839E216F1597100672E20 /* Complex.h */ = {isa = PBXFileReference; fileEncoding = 4; lastKnownFileType = sourcecode.c.h; path = Complex.h; sourceTree = "<group>"; };
		75D839E316F1597100672E20 /* PacketMath.h */ = {isa = PBXFileReference; fileEncoding = 4; lastKnownFileType = sourcecode.c.h; path = PacketMath.h; sourceTree = "<group>"; };
		75D839E516F1597100672E20 /* CMakeLists.txt */ = {isa = PBXFileReference; fileEncoding = 4; lastKnownFileType = text; path = CMakeLists.txt; sourceTree = "<group>"; };
		75D839E616F1597100672E20 /* Complex.h */ = {isa = PBXFileReference; fileEncoding = 4; lastKnownFileType = sourcecode.c.h; path = Complex.h; sourceTree = "<group>"; };
		75D839E716F1597100672E20 /* MathFunctions.h */ = {isa = PBXFileReference; fileEncoding = 4; lastKnownFileType = sourcecode.c.h; path = MathFunctions.h; sourceTree = "<group>"; };
		75D839E816F1597100672E20 /* PacketMath.h */ = {isa = PBXFileReference; fileEncoding = 4; lastKnownFileType = sourcecode.c.h; path = PacketMath.h; sourceTree = "<group>"; };
		75D839E916F1597100672E20 /* Array.h */ = {isa = PBXFileReference; fileEncoding = 4; lastKnownFileType = sourcecode.c.h; path = Array.h; sourceTree = "<group>"; };
		75D839EA16F1597100672E20 /* ArrayBase.h */ = {isa = PBXFileReference; fileEncoding = 4; lastKnownFileType = sourcecode.c.h; path = ArrayBase.h; sourceTree = "<group>"; };
		75D839EB16F1597100672E20 /* ArrayWrapper.h */ = {isa = PBXFileReference; fileEncoding = 4; lastKnownFileType = sourcecode.c.h; path = ArrayWrapper.h; sourceTree = "<group>"; };
		75D839EC16F1597100672E20 /* Assign.h */ = {isa = PBXFileReference; fileEncoding = 4; lastKnownFileType = sourcecode.c.h; path = Assign.h; sourceTree = "<group>"; };
		75D839ED16F1597100672E20 /* Assign_MKL.h */ = {isa = PBXFileReference; fileEncoding = 4; lastKnownFileType = sourcecode.c.h; path = Assign_MKL.h; sourceTree = "<group>"; };
		75D839EE16F1597100672E20 /* BandMatrix.h */ = {isa = PBXFileReference; fileEncoding = 4; lastKnownFileType = sourcecode.c.h; path = BandMatrix.h; sourceTree = "<group>"; };
		75D839EF16F1597100672E20 /* Block.h */ = {isa = PBXFileReference; fileEncoding = 4; lastKnownFileType = sourcecode.c.h; path = Block.h; sourceTree = "<group>"; };
		75D839F016F1597100672E20 /* BooleanRedux.h */ = {isa = PBXFileReference; fileEncoding = 4; lastKnownFileType = sourcecode.c.h; path = BooleanRedux.h; sourceTree = "<group>"; };
		75D839F116F1597100672E20 /* CMakeLists.txt */ = {isa = PBXFileReference; fileEncoding = 4; lastKnownFileType = text; path = CMakeLists.txt; sourceTree = "<group>"; };
		75D839F216F1597100672E20 /* CommaInitializer.h */ = {isa = PBXFileReference; fileEncoding = 4; lastKnownFileType = sourcecode.c.h; path = CommaInitializer.h; sourceTree = "<group>"; };
		75D839F316F1597100672E20 /* CwiseBinaryOp.h */ = {isa = PBXFileReference; fileEncoding = 4; lastKnownFileType = sourcecode.c.h; path = CwiseBinaryOp.h; sourceTree = "<group>"; };
		75D839F416F1597100672E20 /* CwiseNullaryOp.h */ = {isa = PBXFileReference; fileEncoding = 4; lastKnownFileType = sourcecode.c.h; path = CwiseNullaryOp.h; sourceTree = "<group>"; };
		75D839F516F1597100672E20 /* CwiseUnaryOp.h */ = {isa = PBXFileReference; fileEncoding = 4; lastKnownFileType = sourcecode.c.h; path = CwiseUnaryOp.h; sourceTree = "<group>"; };
		75D839F616F1597100672E20 /* CwiseUnaryView.h */ = {isa = PBXFileReference; fileEncoding = 4; lastKnownFileType = sourcecode.c.h; path = CwiseUnaryView.h; sourceTree = "<group>"; };
		75D839F716F1597100672E20 /* DenseBase.h */ = {isa = PBXFileReference; fileEncoding = 4; lastKnownFileType = sourcecode.c.h; path = DenseBase.h; sourceTree = "<group>"; };
		75D839F816F1597100672E20 /* DenseCoeffsBase.h */ = {isa = PBXFileReference; fileEncoding = 4; lastKnownFileType = sourcecode.c.h; path = DenseCoeffsBase.h; sourceTree = "<group>"; };
		75D839F916F1597100672E20 /* DenseStorage.h */ = {isa = PBXFileReference; fileEncoding = 4; lastKnownFileType = sourcecode.c.h; path = DenseStorage.h; sourceTree = "<group>"; };
		75D839FA16F1597100672E20 /* Diagonal.h */ = {isa = PBXFileReference; fileEncoding = 4; lastKnownFileType = sourcecode.c.h; path = Diagonal.h; sourceTree = "<group>"; };
		75D839FB16F1597100672E20 /* DiagonalMatrix.h */ = {isa = PBXFileReference; fileEncoding = 4; lastKnownFileType = sourcecode.c.h; path = DiagonalMatrix.h; sourceTree = "<group>"; };
		75D839FC16F1597100672E20 /* DiagonalProduct.h */ = {isa = PBXFileReference; fileEncoding = 4; lastKnownFileType = sourcecode.c.h; path = DiagonalProduct.h; sourceTree = "<group>"; };
		75D839FD16F1597100672E20 /* Dot.h */ = {isa = PBXFileReference; fileEncoding = 4; lastKnownFileType = sourcecode.c.h; path = Dot.h; sourceTree = "<group>"; };
		75D839FE16F1597100672E20 /* EigenBase.h */ = {isa = PBXFileReference; fileEncoding = 4; lastKnownFileType = sourcecode.c.h; path = EigenBase.h; sourceTree = "<group>"; };
		75D839FF16F1597100672E20 /* Flagged.h */ = {isa = PBXFileReference; fileEncoding = 4; lastKnownFileType = sourcecode.c.h; path = Flagged.h; sourceTree = "<group>"; };
		75D83A0016F1597100672E20 /* ForceAlignedAccess.h */ = {isa = PBXFileReference; fileEncoding = 4; lastKnownFileType = sourcecode.c.h; path = ForceAlignedAccess.h; sourceTree = "<group>"; };
		75D83A0116F1597100672E20 /* Functors.h */ = {isa = PBXFileReference; fileEncoding = 4; lastKnownFileType = sourcecode.c.h; path = Functors.h; sourceTree = "<group>"; };
		75D83A0216F1597100672E20 /* Fuzzy.h */ = {isa = PBXFileReference; fileEncoding = 4; lastKnownFileType = sourcecode.c.h; path = Fuzzy.h; sourceTree = "<group>"; };
		75D83A0316F1597100672E20 /* GeneralProduct.h */ = {isa = PBXFileReference; fileEncoding = 4; lastKnownFileType = sourcecode.c.h; path = GeneralProduct.h; sourceTree = "<group>"; };
		75D83A0416F1597100672E20 /* GenericPacketMath.h */ = {isa = PBXFileReference; fileEncoding = 4; lastKnownFileType = sourcecode.c.h; path = GenericPacketMath.h; sourceTree = "<group>"; };
		75D83A0516F1597100672E20 /* GlobalFunctions.h */ = {isa = PBXFileReference; fileEncoding = 4; lastKnownFileType = sourcecode.c.h; path = GlobalFunctions.h; sourceTree = "<group>"; };
		75D83A0616F1597100672E20 /* IO.h */ = {isa = PBXFileReference; fileEncoding = 4; lastKnownFileType = sourcecode.c.h; path = IO.h; sourceTree = "<group>"; };
		75D83A0716F1597100672E20 /* Map.h */ = {isa = PBXFileReference; fileEncoding = 4; lastKnownFileType = sourcecode.c.h; path = Map.h; sourceTree = "<group>"; };
		75D83A0816F1597100672E20 /* MapBase.h */ = {isa = PBXFileReference; fileEncoding = 4; lastKnownFileType = sourcecode.c.h; path = MapBase.h; sourceTree = "<group>"; };
		75D83A0916F1597100672E20 /* MathFunctions.h */ = {isa = PBXFileReference; fileEncoding = 4; lastKnownFileType = sourcecode.c.h; path = MathFunctions.h; sourceTree = "<group>"; };
		75D83A0A16F1597100672E20 /* Matrix.h */ = {isa = PBXFileReference; fileEncoding = 4; lastKnownFileType = sourcecode.c.h; path = Matrix.h; sourceTree = "<group>"; };
		75D83A0B16F1597100672E20 /* MatrixBase.h */ = {isa = PBXFileReference; fileEncoding = 4; lastKnownFileType = sourcecode.c.h; path = MatrixBase.h; sourceTree = "<group>"; };
		75D83A0C16F1597100672E20 /* NestByValue.h */ = {isa = PBXFileReference; fileEncoding = 4; lastKnownFileType = sourcecode.c.h; path = NestByValue.h; sourceTree = "<group>"; };
		75D83A0D16F1597100672E20 /* NoAlias.h */ = {isa = PBXFileReference; fileEncoding = 4; lastKnownFileType = sourcecode.c.h; path = NoAlias.h; sourceTree = "<group>"; };
		75D83A0E16F1597100672E20 /* NumTraits.h */ = {isa = PBXFileReference; fileEncoding = 4; lastKnownFileType = sourcecode.c.h; path = NumTraits.h; sourceTree = "<group>"; };
		75D83A0F16F1597100672E20 /* PermutationMatrix.h */ = {isa = PBXFileReference; fileEncoding = 4; lastKnownFileType = sourcecode.c.h; path = PermutationMatrix.h; sourceTree = "<group>"; };
		75D83A1016F1597100672E20 /* PlainObjectBase.h */ = {isa = PBXFileReference; fileEncoding = 4; lastKnownFileType = sourcecode.c.h; path = PlainObjectBase.h; sourceTree = "<group>"; };
		75D83A1116F1597100672E20 /* Product.h */ = {isa = PBXFileReference; fileEncoding = 4; lastKnownFileType = sourcecode.c.h; path = Product.h; sourceTree = "<group>"; };
		75D83A1216F1597100672E20 /* ProductBase.h */ = {isa = PBXFileReference; fileEncoding = 4; lastKnownFileType = sourcecode.c.h; path = ProductBase.h; sourceTree = "<group>"; };
		75D83A1416F1597100672E20 /* CMakeLists.txt */ = {isa = PBXFileReference; fileEncoding = 4; lastKnownFileType = text; path = CMakeLists.txt; sourceTree = "<group>"; };
		75D83A1516F1597100672E20 /* CoeffBasedProduct.h */ = {isa = PBXFileReference; fileEncoding = 4; lastKnownFileType = sourcecode.c.h; path = CoeffBasedProduct.h; sourceTree = "<group>"; };
		75D83A1616F1597100672E20 /* GeneralBlockPanelKernel.h */ = {isa = PBXFileReference; fileEncoding = 4; lastKnownFileType = sourcecode.c.h; path = GeneralBlockPanelKernel.h; sourceTree = "<group>"; };
		75D83A1716F1597100672E20 /* GeneralMatrixMatrix.h */ = {isa = PBXFileReference; fileEncoding = 4; lastKnownFileType = sourcecode.c.h; path = GeneralMatrixMatrix.h; sourceTree = "<group>"; };
		75D83A1816F1597100672E20 /* GeneralMatrixMatrix_MKL.h */ = {isa = PBXFileReference; fileEncoding = 4; lastKnownFileType = sourcecode.c.h; path = GeneralMatrixMatrix_MKL.h; sourceTree = "<group>"; };
		75D83A1916F1597100672E20 /* GeneralMatrixMatrixTriangular.h */ = {isa = PBXFileReference; fileEncoding = 4; lastKnownFileType = sourcecode.c.h; path = GeneralMatrixMatrixTriangular.h; sourceTree = "<group>"; };
		75D83A1A16F1597100672E20 /* GeneralMatrixMatrixTriangular_MKL.h */ = {isa = PBXFileReference; fileEncoding = 4; lastKnownFileType = sourcecode.c.h; path = GeneralMatrixMatrixTriangular_MKL.h; sourceTree = "<group>"; };
		75D83A1B16F1597100672E20 /* GeneralMatrixVector.h */ = {isa = PBXFileReference; fileEncoding = 4; lastKnownFileType = sourcecode.c.h; path = GeneralMatrixVector.h; sourceTree = "<group>"; };
		75D83A1C16F1597100672E20 /* GeneralMatrixVector_MKL.h */ = {isa = PBXFileReference; fileEncoding = 4; lastKnownFileType = sourcecode.c.h; path = GeneralMatrixVector_MKL.h; sourceTree = "<group>"; };
		75D83A1D16F1597100672E20 /* Parallelizer.h */ = {isa = PBXFileReference; fileEncoding = 4; lastKnownFileType = sourcecode.c.h; path = Parallelizer.h; sourceTree = "<group>"; };
		75D83A1E16F1597100672E20 /* SelfadjointMatrixMatrix.h */ = {isa = PBXFileReference; fileEncoding = 4; lastKnownFileType = sourcecode.c.h; path = SelfadjointMatrixMatrix.h; sourceTree = "<group>"; };
		75D83A1F16F1597100672E20 /* SelfadjointMatrixMatrix_MKL.h */ = {isa = PBXFileReference; fileEncoding = 4; lastKnownFileType = sourcecode.c.h; path = SelfadjointMatrixMatrix_MKL.h; sourceTree = "<group>"; };
		75D83A2016F1597100672E20 /* SelfadjointMatrixVector.h */ = {isa = PBXFileReference; fileEncoding = 4; lastKnownFileType = sourcecode.c.h; path = SelfadjointMatrixVector.h; sourceTree = "<group>"; };
		75D83A2116F1597100672E20 /* SelfadjointMatrixVector_MKL.h */ = {isa = PBXFileReference; fileEncoding = 4; lastKnownFileType = sourcecode.c.h; path = SelfadjointMatrixVector_MKL.h; sourceTree = "<group>"; };
		75D83A2216F1597100672E20 /* SelfadjointProduct.h */ = {isa = PBXFileReference; fileEncoding = 4; lastKnownFileType = sourcecode.c.h; path = SelfadjointProduct.h; sourceTree = "<group>"; };
		75D83A2316F1597100672E20 /* SelfadjointRank2Update.h */ = {isa = PBXFileReference; fileEncoding = 4; lastKnownFileType = sourcecode.c.h; path = SelfadjointRank2Update.h; sourceTree = "<group>"; };
		75D83A2416F1597100672E20 /* TriangularMatrixMatrix.h */ = {isa = PBXFileReference; fileEncoding = 4; lastKnownFileType = sourcecode.c.h; path = TriangularMatrixMatrix.h; sourceTree = "<group>"; };
		75D83A2516F1597100672E20 /* TriangularMatrixMatrix_MKL.h */ = {isa = PBXFileReference; fileEncoding = 4; lastKnownFileType = sourcecode.c.h; path = TriangularMatrixMatrix_MKL.h; sourceTree = "<group>"; };
		75D83A2616F1597100672E20 /* TriangularMatrixVector.h */ = {isa = PBXFileReference; fileEncoding = 4; lastKnownFileType = sourcecode.c.h; path = TriangularMatrixVector.h; sourceTree = "<group>"; };
		75D83A2716F1597100672E20 /* TriangularMatrixVector_MKL.h */ = {isa = PBXFileReference; fileEncoding = 4; lastKnownFileType = sourcecode.c.h; path = TriangularMatrixVector_MKL.h; sourceTree = "<group>"; };
		75D83A2816F1597100672E20 /* TriangularSolverMatrix.h */ = {isa = PBXFileReference; fileEncoding = 4; lastKnownFileType = sourcecode.c.h; path = TriangularSolverMatrix.h; sourceTree = "<group>"; };
		75D83A2916F1597100672E20 /* TriangularSolverMatrix_MKL.h */ = {isa = PBXFileReference; fileEncoding = 4; lastKnownFileType = sourcecode.c.h; path = TriangularSolverMatrix_MKL.h; sourceTree = "<group>"; };
		75D83A2A16F1597100672E20 /* TriangularSolverVector.h */ = {isa = PBXFileReference; fileEncoding = 4; lastKnownFileType = sourcecode.c.h; path = TriangularSolverVector.h; sourceTree = "<group>"; };
		75D83A2B16F1597100672E20 /* Random.h */ = {isa = PBXFileReference; fileEncoding = 4; lastKnownFileType = sourcecode.c.h; path = Random.h; sourceTree = "<group>"; };
		75D83A2C16F1597100672E20 /* Redux.h */ = {isa = PBXFileReference; fileEncoding = 4; lastKnownFileType = sourcecode.c.h; path = Redux.h; sourceTree = "<group>"; };
		75D83A2D16F1597100672E20 /* Replicate.h */ = {isa = PBXFileReference; fileEncoding = 4; lastKnownFileType = sourcecode.c.h; path = Replicate.h; sourceTree = "<group>"; };
		75D83A2E16F1597100672E20 /* ReturnByValue.h */ = {isa = PBXFileReference; fileEncoding = 4; lastKnownFileType = sourcecode.c.h; path = ReturnByValue.h; sourceTree = "<group>"; };
		75D83A2F16F1597100672E20 /* Reverse.h */ = {isa = PBXFileReference; fileEncoding = 4; lastKnownFileType = sourcecode.c.h; path = Reverse.h; sourceTree = "<group>"; };
		75D83A3016F1597100672E20 /* Select.h */ = {isa = PBXFileReference; fileEncoding = 4; lastKnownFileType = sourcecode.c.h; path = Select.h; sourceTree = "<group>"; };
		75D83A3116F1597100672E20 /* SelfAdjointView.h */ = {isa = PBXFileReference; fileEncoding = 4; lastKnownFileType = sourcecode.c.h; path = SelfAdjointView.h; sourceTree = "<group>"; };
		75D83A3216F1597100672E20 /* SelfCwiseBinaryOp.h */ = {isa = PBXFileReference; fileEncoding = 4; lastKnownFileType = sourcecode.c.h; path = SelfCwiseBinaryOp.h; sourceTree = "<group>"; };
		75D83A3316F1597100672E20 /* SolveTriangular.h */ = {isa = PBXFileReference; fileEncoding = 4; lastKnownFileType = sourcecode.c.h; path = SolveTriangular.h; sourceTree = "<group>"; };
		75D83A3416F1597100672E20 /* StableNorm.h */ = {isa = PBXFileReference; fileEncoding = 4; lastKnownFileType = sourcecode.c.h; path = StableNorm.h; sourceTree = "<group>"; };
		75D83A3516F1597100672E20 /* Stride.h */ = {isa = PBXFileReference; fileEncoding = 4; lastKnownFileType = sourcecode.c.h; path = Stride.h; sourceTree = "<group>"; };
		75D83A3616F1597100672E20 /* Swap.h */ = {isa = PBXFileReference; fileEncoding = 4; lastKnownFileType = sourcecode.c.h; path = Swap.h; sourceTree = "<group>"; };
		75D83A3716F1597100672E20 /* Transpose.h */ = {isa = PBXFileReference; fileEncoding = 4; lastKnownFileType = sourcecode.c.h; path = Transpose.h; sourceTree = "<group>"; };
		75D83A3816F1597100672E20 /* Transpositions.h */ = {isa = PBXFileReference; fileEncoding = 4; lastKnownFileType = sourcecode.c.h; path = Transpositions.h; sourceTree = "<group>"; };
		75D83A3916F1597100672E20 /* TriangularMatrix.h */ = {isa = PBXFileReference; fileEncoding = 4; lastKnownFileType = sourcecode.c.h; path = TriangularMatrix.h; sourceTree = "<group>"; };
		75D83A3B16F1597100672E20 /* BlasUtil.h */ = {isa = PBXFileReference; fileEncoding = 4; lastKnownFileType = sourcecode.c.h; path = BlasUtil.h; sourceTree = "<group>"; };
		75D83A3C16F1597100672E20 /* CMakeLists.txt */ = {isa = PBXFileReference; fileEncoding = 4; lastKnownFileType = text; path = CMakeLists.txt; sourceTree = "<group>"; };
		75D83A3D16F1597100672E20 /* Constants.h */ = {isa = PBXFileReference; fileEncoding = 4; lastKnownFileType = sourcecode.c.h; path = Constants.h; sourceTree = "<group>"; };
		75D83A3E16F1597100672E20 /* DisableStupidWarnings.h */ = {isa = PBXFileReference; fileEncoding = 4; lastKnownFileType = sourcecode.c.h; path = DisableStupidWarnings.h; sourceTree = "<group>"; };
		75D83A3F16F1597100672E20 /* ForwardDeclarations.h */ = {isa = PBXFileReference; fileEncoding = 4; lastKnownFileType = sourcecode.c.h; path = ForwardDeclarations.h; sourceTree = "<group>"; };
		75D83A4016F1597100672E20 /* Macros.h */ = {isa = PBXFileReference; fileEncoding = 4; lastKnownFileType = sourcecode.c.h; path = Macros.h; sourceTree = "<group>"; };
		75D83A4116F1597100672E20 /* Memory.h */ = {isa = PBXFileReference; fileEncoding = 4; lastKnownFileType = sourcecode.c.h; path = Memory.h; sourceTree = "<group>"; };
		75D83A4216F1597100672E20 /* Meta.h */ = {isa = PBXFileReference; fileEncoding = 4; lastKnownFileType = sourcecode.c.h; path = Meta.h; sourceTree = "<group>"; };
		75D83A4316F1597100672E20 /* MKL_support.h */ = {isa = PBXFileReference; fileEncoding = 4; lastKnownFileType = sourcecode.c.h; path = MKL_support.h; sourceTree = "<group>"; };
		75D83A4416F1597100672E20 /* NonMPL2.h */ = {isa = PBXFileReference; fileEncoding = 4; lastKnownFileType = sourcecode.c.h; path = NonMPL2.h; sourceTree = "<group>"; };
		75D83A4516F1597100672E20 /* ReenableStupidWarnings.h */ = {isa = PBXFileReference; fileEncoding = 4; lastKnownFileType = sourcecode.c.h; path = ReenableStupidWarnings.h; sourceTree = "<group>"; };
		75D83A4616F1597100672E20 /* StaticAssert.h */ = {isa = PBXFileReference; fileEncoding = 4; lastKnownFileType = sourcecode.c.h; path = StaticAssert.h; sourceTree = "<group>"; };
		75D83A4716F1597100672E20 /* XprHelper.h */ = {isa = PBXFileReference; fileEncoding = 4; lastKnownFileType = sourcecode.c.h; path = XprHelper.h; sourceTree = "<group>"; };
		75D83A4816F1597100672E20 /* VectorBlock.h */ = {isa = PBXFileReference; fileEncoding = 4; lastKnownFileType = sourcecode.c.h; path = VectorBlock.h; sourceTree = "<group>"; };
		75D83A4916F1597100672E20 /* VectorwiseOp.h */ = {isa = PBXFileReference; fileEncoding = 4; lastKnownFileType = sourcecode.c.h; path = VectorwiseOp.h; sourceTree = "<group>"; };
		75D83A4A16F1597100672E20 /* Visitor.h */ = {isa = PBXFileReference; fileEncoding = 4; lastKnownFileType = sourcecode.c.h; path = Visitor.h; sourceTree = "<group>"; };
		75D83A4C16F1597100672E20 /* Block.h */ = {isa = PBXFileReference; fileEncoding = 4; lastKnownFileType = sourcecode.c.h; path = Block.h; sourceTree = "<group>"; };
		75D83A4D16F1597100672E20 /* CMakeLists.txt */ = {isa = PBXFileReference; fileEncoding = 4; lastKnownFileType = text; path = CMakeLists.txt; sourceTree = "<group>"; };
		75D83A4E16F1597100672E20 /* Cwise.h */ = {isa = PBXFileReference; fileEncoding = 4; lastKnownFileType = sourcecode.c.h; path = Cwise.h; sourceTree = "<group>"; };
		75D83A4F16F1597100672E20 /* CwiseOperators.h */ = {isa = PBXFileReference; fileEncoding = 4; lastKnownFileType = sourcecode.c.h; path = CwiseOperators.h; sourceTree = "<group>"; };
		75D83A5116F1597100672E20 /* AlignedBox.h */ = {isa = PBXFileReference; fileEncoding = 4; lastKnownFileType = sourcecode.c.h; path = AlignedBox.h; sourceTree = "<group>"; };
		75D83A5216F1597100672E20 /* All.h */ = {isa = PBXFileReference; fileEncoding = 4; lastKnownFileType = sourcecode.c.h; path = All.h; sourceTree = "<group>"; };
		75D83A5316F1597100672E20 /* AngleAxis.h */ = {isa = PBXFileReference; fileEncoding = 4; lastKnownFileType = sourcecode.c.h; path = AngleAxis.h; sourceTree = "<group>"; };
		75D83A5416F1597100672E20 /* CMakeLists.txt */ = {isa = PBXFileReference; fileEncoding = 4; lastKnownFileType = text; path = CMakeLists.txt; sourceTree = "<group>"; };
		75D83A5516F1597100672E20 /* Hyperplane.h */ = {isa = PBXFileReference; fileEncoding = 4; lastKnownFileType = sourcecode.c.h; path = Hyperplane.h; sourceTree = "<group>"; };
		75D83A5616F1597100672E20 /* ParametrizedLine.h */ = {isa = PBXFileReference; fileEncoding = 4; lastKnownFileType = sourcecode.c.h; path = ParametrizedLine.h; sourceTree = "<group>"; };
		75D83A5716F1597100672E20 /* Quaternion.h */ = {isa = PBXFileReference; fileEncoding = 4; lastKnownFileType = sourcecode.c.h; path = Quaternion.h; sourceTree = "<group>"; };
		75D83A5816F1597100672E20 /* Rotation2D.h */ = {isa = PBXFileReference; fileEncoding = 4; lastKnownFileType = sourcecode.c.h; path = Rotation2D.h; sourceTree = "<group>"; };
		75D83A5916F1597100672E20 /* RotationBase.h */ = {isa = PBXFileReference; fileEncoding = 4; lastKnownFileType = sourcecode.c.h; path = RotationBase.h; sourceTree = "<group>"; };
		75D83A5A16F1597100672E20 /* Scaling.h */ = {isa = PBXFileReference; fileEncoding = 4; lastKnownFileType = sourcecode.c.h; path = Scaling.h; sourceTree = "<group>"; };
		75D83A5B16F1597100672E20 /* Transform.h */ = {isa = PBXFileReference; fileEncoding = 4; lastKnownFileType = sourcecode.c.h; path = Transform.h; sourceTree = "<group>"; };
		75D83A5C16F1597100672E20 /* Translation.h */ = {isa = PBXFileReference; fileEncoding = 4; lastKnownFileType = sourcecode.c.h; path = Translation.h; sourceTree = "<group>"; };
		75D83A5D16F1597100672E20 /* Lazy.h */ = {isa = PBXFileReference; fileEncoding = 4; lastKnownFileType = sourcecode.c.h; path = Lazy.h; sourceTree = "<group>"; };
		75D83A5E16F1597100672E20 /* LeastSquares.h */ = {isa = PBXFileReference; fileEncoding = 4; lastKnownFileType = sourcecode.c.h; path = LeastSquares.h; sourceTree = "<group>"; };
		75D83A5F16F1597100672E20 /* LU.h */ = {isa = PBXFileReference; fileEncoding = 4; lastKnownFileType = sourcecode.c.h; path = LU.h; sourceTree = "<group>"; };
		75D83A6016F1597100672E20 /* Macros.h */ = {isa = PBXFileReference; fileEncoding = 4; lastKnownFileType = sourcecode.c.h; path = Macros.h; sourceTree = "<group>"; };
		75D83A6116F1597100672E20 /* MathFunctions.h */ = {isa = PBXFileReference; fileEncoding = 4; lastKnownFileType = sourcecode.c.h; path = MathFunctions.h; sourceTree = "<group>"; };
		75D83A6216F1597100672E20 /* Memory.h */ = {isa = PBXFileReference; fileEncoding = 4; lastKnownFileType = sourcecode.c.h; path = Memory.h; sourceTree = "<group>"; };
		75D83A6316F1597100672E20 /* Meta.h */ = {isa = PBXFileReference; fileEncoding = 4; lastKnownFileType = sourcecode.c.h; path = Meta.h; sourceTree = "<group>"; };
		75D83A6416F1597100672E20 /* Minor.h */ = {isa = PBXFileReference; fileEncoding = 4; lastKnownFileType = sourcecode.c.h; path = Minor.h; sourceTree = "<group>"; };
		75D83A6516F1597100672E20 /* QR.h */ = {isa = PBXFileReference; fileEncoding = 4; lastKnownFileType = sourcecode.c.h; path = QR.h; sourceTree = "<group>"; };
		75D83A6616F1597100672E20 /* SVD.h */ = {isa = PBXFileReference; fileEncoding = 4; lastKnownFileType = sourcecode.c.h; path = SVD.h; sourceTree = "<group>"; };
		75D83A6716F1597100672E20 /* TriangularSolver.h */ = {isa = PBXFileReference; fileEncoding = 4; lastKnownFileType = sourcecode.c.h; path = TriangularSolver.h; sourceTree = "<group>"; };
		75D83A6816F1597100672E20 /* VectorBlock.h */ = {isa = PBXFileReference; fileEncoding = 4; lastKnownFileType = sourcecode.c.h; path = VectorBlock.h; sourceTree = "<group>"; };
		75D83A6A16F1597100672E20 /* CMakeLists.txt */ = {isa = PBXFileReference; fileEncoding = 4; lastKnownFileType = text; path = CMakeLists.txt; sourceTree = "<group>"; };
		75D83A6B16F1597100672E20 /* ComplexEigenSolver.h */ = {isa = PBXFileReference; fileEncoding = 4; lastKnownFileType = sourcecode.c.h; path = ComplexEigenSolver.h; sourceTree = "<group>"; };
		75D83A6C16F1597100672E20 /* ComplexSchur.h */ = {isa = PBXFileReference; fileEncoding = 4; lastKnownFileType = sourcecode.c.h; path = ComplexSchur.h; sourceTree = "<group>"; };
		75D83A6D16F1597100672E20 /* ComplexSchur_MKL.h */ = {isa = PBXFileReference; fileEncoding = 4; lastKnownFileType = sourcecode.c.h; path = ComplexSchur_MKL.h; sourceTree = "<group>"; };
		75D83A6E16F1597100672E20 /* EigenSolver.h */ = {isa = PBXFileReference; fileEncoding = 4; lastKnownFileType = sourcecode.c.h; path = EigenSolver.h; sourceTree = "<group>"; };
		75D83A6F16F1597100672E20 /* GeneralizedSelfAdjointEigenSolver.h */ = {isa = PBXFileReference; fileEncoding = 4; lastKnownFileType = sourcecode.c.h; path = GeneralizedSelfAdjointEigenSolver.h; sourceTree = "<group>"; };
		75D83A7016F1597100672E20 /* HessenbergDecomposition.h */ = {isa = PBXFileReference; fileEncoding = 4; lastKnownFileType = sourcecode.c.h; path = HessenbergDecomposition.h; sourceTree = "<group>"; };
		75D83A7116F1597100672E20 /* MatrixBaseEigenvalues.h */ = {isa = PBXFileReference; fileEncoding = 4; lastKnownFileType = sourcecode.c.h; path = MatrixBaseEigenvalues.h; sourceTree = "<group>"; };
		75D83A7216F1597100672E20 /* RealSchur.h */ = {isa = PBXFileReference; fileEncoding = 4; lastKnownFileType = sourcecode.c.h; path = RealSchur.h; sourceTree = "<group>"; };
		75D83A7316F1597100672E20 /* RealSchur_MKL.h */ = {isa = PBXFileReference; fileEncoding = 4; lastKnownFileType = sourcecode.c.h; path = RealSchur_MKL.h; sourceTree = "<group>"; };
		75D83A7416F1597100672E20 /* SelfAdjointEigenSolver.h */ = {isa = PBXFileReference; fileEncoding = 4; lastKnownFileType = sourcecode.c.h; path = SelfAdjointEigenSolver.h; sourceTree = "<group>"; };
		75D83A7516F1597100672E20 /* SelfAdjointEigenSolver_MKL.h */ = {isa = PBXFileReference; fileEncoding = 4; lastKnownFileType = sourcecode.c.h; path = SelfAdjointEigenSolver_MKL.h; sourceTree = "<group>"; };
		75D83A7616F1597100672E20 /* Tridiagonalization.h */ = {isa = PBXFileReference; fileEncoding = 4; lastKnownFileType = sourcecode.c.h; path = Tridiagonalization.h; sourceTree = "<group>"; };
		75D83A7816F1597100672E20 /* AlignedBox.h */ = {isa = PBXFileReference; fileEncoding = 4; lastKnownFileType = sourcecode.c.h; path = AlignedBox.h; sourceTree = "<group>"; };
		75D83A7916F1597100672E20 /* AngleAxis.h */ = {isa = PBXFileReference; fileEncoding = 4; lastKnownFileType = sourcecode.c.h; path = AngleAxis.h; sourceTree = "<group>"; };
		75D83A7B16F1597100672E20 /* CMakeLists.txt */ = {isa = PBXFileReference; fileEncoding = 4; lastKnownFileType = text; path = CMakeLists.txt; sourceTree = "<group>"; };
		75D83A7C16F1597100672E20 /* Geometry_SSE.h */ = {isa = PBXFileReference; fileEncoding = 4; lastKnownFileType = sourcecode.c.h; path = Geometry_SSE.h; sourceTree = "<group>"; };
		75D83A7D16F1597100672E20 /* CMakeLists.txt */ = {isa = PBXFileReference; fileEncoding = 4; lastKnownFileType = text; path = CMakeLists.txt; sourceTree = "<group>"; };
		75D83A7E16F1597100672E20 /* EulerAngles.h */ = {isa = PBXFileReference; fileEncoding = 4; lastKnownFileType = sourcecode.c.h; path = EulerAngles.h; sourceTree = "<group>"; };
		75D83A7F16F1597100672E20 /* Homogeneous.h */ = {isa = PBXFileReference; fileEncoding = 4; lastKnownFileType = sourcecode.c.h; path = Homogeneous.h; sourceTree = "<group>"; };
		75D83A8016F1597100672E20 /* Hyperplane.h */ = {isa = PBXFileReference; fileEncoding = 4; lastKnownFileType = sourcecode.c.h; path = Hyperplane.h; sourceTree = "<group>"; };
		75D83A8116F1597100672E20 /* OrthoMethods.h */ = {isa = PBXFileReference; fileEncoding = 4; lastKnownFileType = sourcecode.c.h; path = OrthoMethods.h; sourceTree = "<group>"; };
		75D83A8216F1597100672E20 /* ParametrizedLine.h */ = {isa = PBXFileReference; fileEncoding = 4; lastKnownFileType = sourcecode.c.h; path = ParametrizedLine.h; sourceTree = "<group>"; };
		75D83A8316F1597100672E20 /* Quaternion.h */ = {isa = PBXFileReference; fileEncoding = 4; lastKnownFileType = sourcecode.c.h; path = Quaternion.h; sourceTree = "<group>"; };
		75D83A8416F1597100672E20 /* Rotation2D.h */ = {isa = PBXFileReference; fileEncoding = 4; lastKnownFileType = sourcecode.c.h; path = Rotation2D.h; sourceTree = "<group>"; };
		75D83A8516F1597100672E20 /* RotationBase.h */ = {isa = PBXFileReference; fileEncoding = 4; lastKnownFileType = sourcecode.c.h; path = RotationBase.h; sourceTree = "<group>"; };
		75D83A8616F1597100672E20 /* Scaling.h */ = {isa = PBXFileReference; fileEncoding = 4; lastKnownFileType = sourcecode.c.h; path = Scaling.h; sourceTree = "<group>"; };
		75D83A8716F1597100672E20 /* Transform.h */ = {isa = PBXFileReference; fileEncoding = 4; lastKnownFileType = sourcecode.c.h; path = Transform.h; sourceTree = "<group>"; };
		75D83A8816F1597100672E20 /* Translation.h */ = {isa = PBXFileReference; fileEncoding = 4; lastKnownFileType = sourcecode.c.h; path = Translation.h; sourceTree = "<group>"; };
		75D83A8916F1597100672E20 /* Umeyama.h */ = {isa = PBXFileReference; fileEncoding = 4; lastKnownFileType = sourcecode.c.h; path = Umeyama.h; sourceTree = "<group>"; };
		75D83A8B16F1597100672E20 /* BlockHouseholder.h */ = {isa = PBXFileReference; fileEncoding = 4; lastKnownFileType = sourcecode.c.h; path = BlockHouseholder.h; sourceTree = "<group>"; };
		75D83A8C16F1597100672E20 /* CMakeLists.txt */ = {isa = PBXFileReference; fileEncoding = 4; lastKnownFileType = text; path = CMakeLists.txt; sourceTree = "<group>"; };
		75D83A8D16F1597100672E20 /* Householder.h */ = {isa = PBXFileReference; fileEncoding = 4; lastKnownFileType = sourcecode.c.h; path = Householder.h; sourceTree = "<group>"; };
		75D83A8E16F1597100672E20 /* HouseholderSequence.h */ = {isa = PBXFileReference; fileEncoding = 4; lastKnownFileType = sourcecode.c.h; path = HouseholderSequence.h; sourceTree = "<group>"; };
		75D83A9016F1597100672E20 /* BasicPreconditioners.h */ = {isa = PBXFileReference; fileEncoding = 4; lastKnownFileType = sourcecode.c.h; path = BasicPreconditioners.h; sourceTree = "<group>"; };
		75D83A9116F1597100672E20 /* BiCGSTAB.h */ = {isa = PBXFileReference; fileEncoding = 4; lastKnownFileType = sourcecode.c.h; path = BiCGSTAB.h; sourceTree = "<group>"; };
		75D83A9216F1597100672E20 /* CMakeLists.txt */ = {isa = PBXFileReference; fileEncoding = 4; lastKnownFileType = text; path = CMakeLists.txt; sourceTree = "<group>"; };
		75D83A9316F1597100672E20 /* ConjugateGradient.h */ = {isa = PBXFileReference; fileEncoding = 4; lastKnownFileType = sourcecode.c.h; path = ConjugateGradient.h; sourceTree = "<group>"; };
		75D83A9416F1597100672E20 /* IncompleteLUT.h */ = {isa = PBXFileReference; fileEncoding = 4; lastKnownFileType = sourcecode.c.h; path = IncompleteLUT.h; sourceTree = "<group>"; };
		75D83A9516F1597100672E20 /* IterativeSolverBase.h */ = {isa = PBXFileReference; fileEncoding = 4; lastKnownFileType = sourcecode.c.h; path = IterativeSolverBase.h; sourceTree = "<group>"; };
		75D83A9716F1597100672E20 /* CMakeLists.txt */ = {isa = PBXFileReference; fileEncoding = 4; lastKnownFileType = text; path = CMakeLists.txt; sourceTree = "<group>"; };
		75D83A9816F1597100672E20 /* Jacobi.h */ = {isa = PBXFileReference; fileEncoding = 4; lastKnownFileType = sourcecode.c.h; path = Jacobi.h; sourceTree = "<group>"; };
		75D83A9B16F1597100672E20 /* CMakeLists.txt */ = {isa = PBXFileReference; fileEncoding = 4; lastKnownFileType = text; path = CMakeLists.txt; sourceTree = "<group>"; };
		75D83A9C16F1597100672E20 /* Inverse_SSE.h */ = {isa = PBXFileReference; fileEncoding = 4; lastKnownFileType = sourcecode.c.h; path = Inverse_SSE.h; sourceTree = "<group>"; };
		75D83A9D16F1597100672E20 /* CMakeLists.txt */ = {isa = PBXFileReference; fileEncoding = 4; lastKnownFileType = text; path = CMakeLists.txt; sourceTree = "<group>"; };
		75D83A9E16F1597100672E20 /* Determinant.h */ = {isa = PBXFileReference; fileEncoding = 4; lastKnownFileType = sourcecode.c.h; path = Determinant.h; sourceTree = "<group>"; };
		75D83A9F16F1597100672E20 /* FullPivLU.h */ = {isa = PBXFileReference; fileEncoding = 4; lastKnownFileType = sourcecode.c.h; path = FullPivLU.h; sourceTree = "<group>"; };
		75D83AA016F1597100672E20 /* Inverse.h */ = {isa = PBXFileReference; fileEncoding = 4; lastKnownFileType = sourcecode.c.h; path = Inverse.h; sourceTree = "<group>"; };
		75D83AA116F1597100672E20 /* PartialPivLU.h */ = {isa = PBXFileReference; fileEncoding = 4; lastKnownFileType = sourcecode.c.h; path = PartialPivLU.h; sourceTree = "<group>"; };
		75D83AA216F1597100672E20 /* PartialPivLU_MKL.h */ = {isa = PBXFileReference; fileEncoding = 4; lastKnownFileType = sourcecode.c.h; path = PartialPivLU_MKL.h; sourceTree = "<group>"; };
		75D83AA416F1597100672E20 /* blas.h */ = {isa = PBXFileReference; fileEncoding = 4; lastKnownFileType = sourcecode.c.h; path = blas.h; sourceTree = "<group>"; };
		75D83AA516F1597100672E20 /* CMakeLists.txt */ = {isa = PBXFileReference; fileEncoding = 4; lastKnownFileType = text; path = CMakeLists.txt; sourceTree = "<group>"; };
		75D83AA616F1597100672E20 /* Image.h */ = {isa = PBXFileReference; fileEncoding = 4; lastKnownFileType = sourcecode.c.h; path = Image.h; sourceTree = "<group>"; };
		75D83AA716F1597100672E20 /* Kernel.h */ = {isa = PBXFileReference; fileEncoding = 4; lastKnownFileType = sourcecode.c.h; path = Kernel.h; sourceTree = "<group>"; };
		75D83AA816F1597100672E20 /* Solve.h */ = {isa = PBXFileReference; fileEncoding = 4; lastKnownFileType = sourcecode.c.h; path = Solve.h; sourceTree = "<group>"; };
		75D83AA916F1597100672E20 /* SparseSolve.h */ = {isa = PBXFileReference; fileEncoding = 4; lastKnownFileType = sourcecode.c.h; path = SparseSolve.h; sourceTree = "<group>"; };
		75D83AAB16F1597100672E20 /* Amd.h */ = {isa = PBXFileReference; fileEncoding = 4; lastKnownFileType = sourcecode.c.h; path = Amd.h; sourceTree = "<group>"; };
		75D83AAC16F1597100672E20 /* CMakeLists.txt */ = {isa = PBXFileReference; fileEncoding = 4; lastKnownFileType = text; path = CMakeLists.txt; sourceTree = "<group>"; };
		75D83AAE16F1597100672E20 /* CMakeLists.txt */ = {isa = PBXFileReference; fileEncoding = 4; lastKnownFileType = text; path = CMakeLists.txt; sourceTree = "<group>"; };
		75D83AAF16F1597100672E20 /* PardisoSupport.h */ = {isa = PBXFileReference; fileEncoding = 4; lastKnownFileType = sourcecode.c.h; path = PardisoSupport.h; sourceTree = "<group>"; };
		75D83AB116F1597100672E20 /* CMakeLists.txt */ = {isa = PBXFileReference; fileEncoding = 4; lastKnownFileType = text; path = CMakeLists.txt; sourceTree = "<group>"; };
		75D83AB216F1597100672E20 /* PaStiXSupport.h */ = {isa = PBXFileReference; fileEncoding = 4; lastKnownFileType = sourcecode.c.h; path = PaStiXSupport.h; sourceTree = "<group>"; };
		75D83AB416F1597100672E20 /* ArrayCwiseBinaryOps.h */ = {isa = PBXFileReference; fileEncoding = 4; lastKnownFileType = sourcecode.c.h; path = ArrayCwiseBinaryOps.h; sourceTree = "<group>"; };
		75D83AB516F1597100672E20 /* ArrayCwiseUnaryOps.h */ = {isa = PBXFileReference; fileEncoding = 4; lastKnownFileType = sourcecode.c.h; path = ArrayCwiseUnaryOps.h; sourceTree = "<group>"; };
		75D83AB616F1597100672E20 /* BlockMethods.h */ = {isa = PBXFileReference; fileEncoding = 4; lastKnownFileType = sourcecode.c.h; path = BlockMethods.h; sourceTree = "<group>"; };
		75D83AB716F1597100672E20 /* CMakeLists.txt */ = {isa = PBXFileReference; fileEncoding = 4; lastKnownFileType = text; path = CMakeLists.txt; sourceTree = "<group>"; };
		75D83AB816F1597100672E20 /* CommonCwiseBinaryOps.h */ = {isa = PBXFileReference; fileEncoding = 4; lastKnownFileType = sourcecode.c.h; path = CommonCwiseBinaryOps.h; sourceTree = "<group>"; };
		75D83AB916F1597100672E20 /* CommonCwiseUnaryOps.h */ = {isa = PBXFileReference; fileEncoding = 4; lastKnownFileType = sourcecode.c.h; path = CommonCwiseUnaryOps.h; sourceTree = "<group>"; };
		75D83ABA16F1597100672E20 /* MatrixCwiseBinaryOps.h */ = {isa = PBXFileReference; fileEncoding = 4; lastKnownFileType = sourcecode.c.h; path = MatrixCwiseBinaryOps.h; sourceTree = "<group>"; };
		75D83ABB16F1597100672E20 /* MatrixCwiseUnaryOps.h */ = {isa = PBXFileReference; fileEncoding = 4; lastKnownFileType = sourcecode.c.h; path = MatrixCwiseUnaryOps.h; sourceTree = "<group>"; };
		75D83ABD16F1597100672E20 /* CMakeLists.txt */ = {isa = PBXFileReference; fileEncoding = 4; lastKnownFileType = text; path = CMakeLists.txt; sourceTree = "<group>"; };
		75D83ABE16F1597100672E20 /* ColPivHouseholderQR.h */ = {isa = PBXFileReference; fileEncoding = 4; lastKnownFileType = sourcecode.c.h; path = ColPivHouseholderQR.h; sourceTree = "<group>"; };
		75D83ABF16F1597100672E20 /* ColPivHouseholderQR_MKL.h */ = {isa = PBXFileReference; fileEncoding = 4; lastKnownFileType = sourcecode.c.h; path = ColPivHouseholderQR_MKL.h; sourceTree = "<group>"; };
		75D83AC016F1597100672E20 /* FullPivHouseholderQR.h */ = {isa = PBXFileReference; fileEncoding = 4; lastKnownFileType = sourcecode.c.h; path = FullPivHouseholderQR.h; sourceTree = "<group>"; };
		75D83AC116F1597100672E20 /* HouseholderQR.h */ = {isa = PBXFileReference; fileEncoding = 4; lastKnownFileType = sourcecode.c.h; path = HouseholderQR.h; sourceTree = "<group>"; };
		75D83AC216F1597100672E20 /* HouseholderQR_MKL.h */ = {isa = PBXFileReference; fileEncoding = 4; lastKnownFileType = sourcecode.c.h; path = HouseholderQR_MKL.h; sourceTree = "<group>"; };
		75D83AC416F1597100672E20 /* CMakeLists.txt */ = {isa = PBXFileReference; fileEncoding = 4; lastKnownFileType = text; path = CMakeLists.txt; sourceTree = "<group>"; };
		75D83AC516F1597100672E20 /* SimplicialCholesky.h */ = {isa = PBXFileReference; fileEncoding = 4; lastKnownFileType = sourcecode.c.h; path = SimplicialCholesky.h; sourceTree = "<group>"; };
		75D83AC716F1597100672E20 /* AmbiVector.h */ = {isa = PBXFileReference; fileEncoding = 4; lastKnownFileType = sourcecode.c.h; path = AmbiVector.h; sourceTree = "<group>"; };
		75D83AC816F1597100672E20 /* CMakeLists.txt */ = {isa = PBXFileReference; fileEncoding = 4; lastKnownFileType = text; path = CMakeLists.txt; sourceTree = "<group>"; };
		75D83AC916F1597100672E20 /* CompressedStorage.h */ = {isa = PBXFileReference; fileEncoding = 4; lastKnownFileType = sourcecode.c.h; path = CompressedStorage.h; sourceTree = "<group>"; };
		75D83ACA16F1597100672E20 /* ConservativeSparseSparseProduct.h */ = {isa = PBXFileReference; fileEncoding = 4; lastKnownFileType = sourcecode.c.h; path = ConservativeSparseSparseProduct.h; sourceTree = "<group>"; };
		75D83ACB16F1597100672E20 /* CoreIterators.h */ = {isa = PBXFileReference; fileEncoding = 4; lastKnownFileType = sourcecode.c.h; path = CoreIterators.h; sourceTree = "<group>"; };
		75D83ACC16F1597100672E20 /* MappedSparseMatrix.h */ = {isa = PBXFileReference; fileEncoding = 4; lastKnownFileType = sourcecode.c.h; path = MappedSparseMatrix.h; sourceTree = "<group>"; };
		75D83ACD16F1597100672E20 /* SparseAssign.h */ = {isa = PBXFileReference; fileEncoding = 4; lastKnownFileType = sourcecode.c.h; path = SparseAssign.h; sourceTree = "<group>"; };
		75D83ACE16F1597100672E20 /* SparseBlock.h */ = {isa = PBXFileReference; fileEncoding = 4; lastKnownFileType = sourcecode.c.h; path = SparseBlock.h; sourceTree = "<group>"; };
		75D83ACF16F1597100672E20 /* SparseCwiseBinaryOp.h */ = {isa = PBXFileReference; fileEncoding = 4; lastKnownFileType = sourcecode.c.h; path = SparseCwiseBinaryOp.h; sourceTree = "<group>"; };
		75D83AD016F1597100672E20 /* SparseCwiseUnaryOp.h */ = {isa = PBXFileReference; fileEncoding = 4; lastKnownFileType = sourcecode.c.h; path = SparseCwiseUnaryOp.h; sourceTree = "<group>"; };
		75D83AD116F1597100672E20 /* SparseDenseProduct.h */ = {isa = PBXFileReference; fileEncoding = 4; lastKnownFileType = sourcecode.c.h; path = SparseDenseProduct.h; sourceTree = "<group>"; };
		75D83AD216F1597100672E20 /* SparseDiagonalProduct.h */ = {isa = PBXFileReference; fileEncoding = 4; lastKnownFileType = sourcecode.c.h; path = SparseDiagonalProduct.h; sourceTree = "<group>"; };
		75D83AD316F1597100672E20 /* SparseDot.h */ = {isa = PBXFileReference; fileEncoding = 4; lastKnownFileType = sourcecode.c.h; path = SparseDot.h; sourceTree = "<group>"; };
		75D83AD416F1597100672E20 /* SparseFuzzy.h */ = {isa = PBXFileReference; fileEncoding = 4; lastKnownFileType = sourcecode.c.h; path = SparseFuzzy.h; sourceTree = "<group>"; };
		75D83AD516F1597100672E20 /* SparseMatrix.h */ = {isa = PBXFileReference; fileEncoding = 4; lastKnownFileType = sourcecode.c.h; path = SparseMatrix.h; sourceTree = "<group>"; };
		75D83AD616F1597100672E20 /* SparseMatrixBase.h */ = {isa = PBXFileReference; fileEncoding = 4; lastKnownFileType = sourcecode.c.h; path = SparseMatrixBase.h; sourceTree = "<group>"; };
		75D83AD716F1597100672E20 /* SparsePermutation.h */ = {isa = PBXFileReference; fileEncoding = 4; lastKnownFileType = sourcecode.c.h; path = SparsePermutation.h; sourceTree = "<group>"; };
		75D83AD816F1597100672E20 /* SparseProduct.h */ = {isa = PBXFileReference; fileEncoding = 4; lastKnownFileType = sourcecode.c.h; path = SparseProduct.h; sourceTree = "<group>"; };
		75D83AD916F1597100672E20 /* SparseRedux.h */ = {isa = PBXFileReference; fileEncoding = 4; lastKnownFileType = sourcecode.c.h; path = SparseRedux.h; sourceTree = "<group>"; };
		75D83ADA16F1597100672E20 /* SparseSelfAdjointView.h */ = {isa = PBXFileReference; fileEncoding = 4; lastKnownFileType = sourcecode.c.h; path = SparseSelfAdjointView.h; sourceTree = "<group>"; };
		75D83ADB16F1597100672E20 /* SparseSparseProductWithPruning.h */ = {isa = PBXFileReference; fileEncoding = 4; lastKnownFileType = sourcecode.c.h; path = SparseSparseProductWithPruning.h; sourceTree = "<group>"; };
		75D83ADC16F1597100672E20 /* SparseTranspose.h */ = {isa = PBXFileReference; fileEncoding = 4; lastKnownFileType = sourcecode.c.h; path = SparseTranspose.h; sourceTree = "<group>"; };
		75D83ADD16F1597100672E20 /* SparseTriangularView.h */ = {isa = PBXFileReference; fileEncoding = 4; lastKnownFileType = sourcecode.c.h; path = SparseTriangularView.h; sourceTree = "<group>"; };
		75D83ADE16F1597100672E20 /* SparseUtil.h */ = {isa = PBXFileReference; fileEncoding = 4; lastKnownFileType = sourcecode.c.h; path = SparseUtil.h; sourceTree = "<group>"; };
		75D83ADF16F1597100672E20 /* SparseVector.h */ = {isa = PBXFileReference; fileEncoding = 4; lastKnownFileType = sourcecode.c.h; path = SparseVector.h; sourceTree = "<group>"; };
		75D83AE016F1597100672E20 /* SparseView.h */ = {isa = PBXFileReference; fileEncoding = 4; lastKnownFileType = sourcecode.c.h; path = SparseView.h; sourceTree = "<group>"; };
		75D83AE116F1597100672E20 /* TriangularSolver.h */ = {isa = PBXFileReference; fileEncoding = 4; lastKnownFileType = sourcecode.c.h; path = TriangularSolver.h; sourceTree = "<group>"; };
		75D83AE316F1597100672E20 /* CMakeLists.txt */ = {isa = PBXFileReference; fileEncoding = 4; lastKnownFileType = text; path = CMakeLists.txt; sourceTree = "<group>"; };
		75D83AE416F1597100672E20 /* details.h */ = {isa = PBXFileReference; fileEncoding = 4; lastKnownFileType = sourcecode.c.h; path = details.h; sourceTree = "<group>"; };
		75D83AE516F1597100672E20 /* StdDeque.h */ = {isa = PBXFileReference; fileEncoding = 4; lastKnownFileType = sourcecode.c.h; path = StdDeque.h; sourceTree = "<group>"; };
		75D83AE616F1597100672E20 /* StdList.h */ = {isa = PBXFileReference; fileEncoding = 4; lastKnownFileType = sourcecode.c.h; path = StdList.h; sourceTree = "<group>"; };
		75D83AE716F1597100672E20 /* StdVector.h */ = {isa = PBXFileReference; fileEncoding = 4; lastKnownFileType = sourcecode.c.h; path = StdVector.h; sourceTree = "<group>"; };
		75D83AE916F1597100672E20 /* CMakeLists.txt */ = {isa = PBXFileReference; fileEncoding = 4; lastKnownFileType = text; path = CMakeLists.txt; sourceTree = "<group>"; };
		75D83AEA16F1597100672E20 /* SuperLUSupport.h */ = {isa = PBXFileReference; fileEncoding = 4; lastKnownFileType = sourcecode.c.h; path = SuperLUSupport.h; sourceTree = "<group>"; };
		75D83AEC16F1597100672E20 /* CMakeLists.txt */ = {isa = PBXFileReference; fileEncoding = 4; lastKnownFileType = text; path = CMakeLists.txt; sourceTree = "<group>"; };
		75D83AED16F1597100672E20 /* JacobiSVD.h */ = {isa = PBXFileReference; fileEncoding = 4; lastKnownFileType = sourcecode.c.h; path = JacobiSVD.h; sourceTree = "<group>"; };
		75D83AEE16F1597100672E20 /* JacobiSVD_MKL.h */ = {isa = PBXFileReference; fileEncoding = 4; lastKnownFileType = sourcecode.c.h; path = JacobiSVD_MKL.h; sourceTree = "<group>"; };
		75D83AEF16F1597100672E20 /* UpperBidiagonalization.h */ = {isa = PBXFileReference; fileEncoding = 4; lastKnownFileType = sourcecode.c.h; path = UpperBidiagonalization.h; sourceTree = "<group>"; };
		75D83AF116F1597100672E20 /* CMakeLists.txt */ = {isa = PBXFileReference; fileEncoding = 4; lastKnownFileType = text; path = CMakeLists.txt; sourceTree = "<group>"; };
		75D83AF216F1597100672E20 /* UmfPackSupport.h */ = {isa = PBXFileReference; fileEncoding = 4; lastKnownFileType = sourcecode.c.h; path = UmfPackSupport.h; sourceTree = "<group>"; };
		75D83AF316F1597100672E20 /* StdDeque */ = {isa = PBXFileReference; fileEncoding = 4; lastKnownFileType = text; path = StdDeque; sourceTree = "<group>"; };
		75D83AF416F1597100672E20 /* StdList */ = {isa = PBXFileReference; fileEncoding = 4; lastKnownFileType = text; path = StdList; sourceTree = "<group>"; };
		75D83AF516F1597100672E20 /* StdVector */ = {isa = PBXFileReference; fileEncoding = 4; lastKnownFileType = text; path = StdVector; sourceTree = "<group>"; };
		75D83AF616F1597100672E20 /* SuperLUSupport */ = {isa = PBXFileReference; fileEncoding = 4; lastKnownFileType = text; path = SuperLUSupport; sourceTree = "<group>"; };
		75D83AF716F1597100672E20 /* SVD */ = {isa = PBXFileReference; fileEncoding = 4; lastKnownFileType = text; path = SVD; sourceTree = "<group>"; };
		75D83AF816F1597100672E20 /* UmfPackSupport */ = {isa = PBXFileReference; fileEncoding = 4; lastKnownFileType = text; path = UmfPackSupport; sourceTree = "<group>"; };
		75D83AF916F1597100672E20 /* FoliationRP2.cpp */ = {isa = PBXFileReference; fileEncoding = 4; lastKnownFileType = sourcecode.cpp.cpp; path = FoliationRP2.cpp; sourceTree = "<group>"; };
		75D83AFA16F1597100672E20 /* FoliationRP2.h */ = {isa = PBXFileReference; fileEncoding = 4; lastKnownFileType = sourcecode.c.h; path = FoliationRP2.h; sourceTree = "<group>"; };
		75D83AFB16F1597100672E20 /* FoliationRP2old.cpp */ = {isa = PBXFileReference; fileEncoding = 4; lastKnownFileType = sourcecode.cpp.cpp; path = FoliationRP2old.cpp; sourceTree = "<group>"; };
		75D83AFC16F1597100672E20 /* FoliationRP2old.h */ = {isa = PBXFileReference; fileEncoding = 4; lastKnownFileType = sourcecode.c.h; path = FoliationRP2old.h; sourceTree = "<group>"; };
		75D83AFD16F1597100672E20 /* global.h */ = {isa = PBXFileReference; fileEncoding = 4; lastKnownFileType = sourcecode.c.h; path = global.h; sourceTree = "<group>"; };
		75D83AFE16F1597100672E20 /* io.h */ = {isa = PBXFileReference; fileEncoding = 4; lastKnownFileType = sourcecode.c.h; path = io.h; sourceTree = "<group>"; };
		75D83AFF16F1597100672E20 /* WeighedTree.cpp */ = {isa = PBXFileReference; fileEncoding = 4; lastKnownFileType = sourcecode.cpp.cpp; path = WeighedTree.cpp; sourceTree = "<group>"; };
		75D83B0016F1597100672E20 /* WeighedTree.h */ = {isa = PBXFileReference; fileEncoding = 4; lastKnownFileType = sourcecode.c.h; path = WeighedTree.h; sourceTree = "<group>"; };
/* End PBXFileReference section */

/* Begin PBXFrameworksBuildPhase section */
		75D8399D16F158F600672E20 /* Frameworks */ = {
			isa = PBXFrameworksBuildPhase;
			buildActionMask = 2147483647;
			files = (
			);
			runOnlyForDeploymentPostprocessing = 0;
		};
/* End PBXFrameworksBuildPhase section */

/* Begin PBXGroup section */
		753C7C2316F2600000165E34 /* old */ = {
			isa = PBXGroup;
			children = (
				75D83AFC16F1597100672E20 /* FoliationRP2old.h */,
				75D83AFB16F1597100672E20 /* FoliationRP2old.cpp */,
				75D83AFE16F1597100672E20 /* io.h */,
			);
			name = old;
			path = Arnoux_Yoccoz;
			sourceTree = "<group>";
		};
		75D8399716F158F600672E20 = {
			isa = PBXGroup;
			children = (
				75D839B416F1597100672E20 /* Eigen */,
				75D839A216F158F600672E20 /* Arnoux_Yoccoz */,
				75D839A116F158F600672E20 /* Products */,
				753C7C2316F2600000165E34 /* old */,
			);
			sourceTree = "<group>";
		};
		75D839A116F158F600672E20 /* Products */ = {
			isa = PBXGroup;
			children = (
				75D839A016F158F600672E20 /* Arnoux_Yoccoz */,
			);
			name = Products;
			sourceTree = "<group>";
		};
		75D839A216F158F600672E20 /* Arnoux_Yoccoz */ = {
			isa = PBXGroup;
			children = (
				75D83AFD16F1597100672E20 /* global.h */,
				753C7C2516F4E75000165E34 /* global.cpp */,
				75D839B216F1597100672E20 /* UnitIntervalPoint.cpp */,
				75D839B316F1597100672E20 /* UnitIntervalPoint.h */,
				75D839B016F1597100672E20 /* ArcsAroundDivPoints.cpp */,
				75D839B116F1597100672E20 /* ArcsAroundDivPoints.h */,
				753C7C2016F2577C00165E34 /* IntervalExchangeMap.cpp */,
				753C7C2116F2577C00165E34 /* IntervalExchangeMap.h */,
				753C7C1D16F24E8300165E34 /* Foliation.cpp */,
				753C7C1E16F24E8300165E34 /* Foliation.h */,
				75D83AF916F1597100672E20 /* FoliationRP2.cpp */,
				75D83AFA16F1597100672E20 /* FoliationRP2.h */,
				75D83AFF16F1597100672E20 /* WeighedTree.cpp */,
				75D83B0016F1597100672E20 /* WeighedTree.h */,
				75D839AC16F1597100672E20 /* AlmostPFMatrix.cpp */,
				75D839AD16F1597100672E20 /* AlmostPFMatrix.h */,
				75D839A316F158F600672E20 /* main.cpp */,
				75D839A516F158F600672E20 /* Arnoux_Yoccoz.1 */,
			);
			path = Arnoux_Yoccoz;
			sourceTree = "<group>";
		};
		75D839B416F1597100672E20 /* Eigen */ = {
			isa = PBXGroup;
			children = (
				75D839B516F1597100672E20 /* Array */,
				75D839B616F1597100672E20 /* Cholesky */,
				75D839B716F1597100672E20 /* CholmodSupport */,
				75D839B816F1597100672E20 /* CMakeLists.txt */,
				75D839B916F1597100672E20 /* Core */,
				75D839BA16F1597100672E20 /* Dense */,
				75D839BB16F1597100672E20 /* Eigen */,
				75D839BC16F1597100672E20 /* Eigen2Support */,
				75D839BD16F1597100672E20 /* Eigenvalues */,
				75D839BE16F1597100672E20 /* Geometry */,
				75D839BF16F1597100672E20 /* Householder */,
				75D839C016F1597100672E20 /* IterativeLinearSolvers */,
				75D839C116F1597100672E20 /* Jacobi */,
				75D839C216F1597100672E20 /* LeastSquares */,
				75D839C316F1597100672E20 /* LU */,
				75D839C416F1597100672E20 /* OrderingMethods */,
				75D839C516F1597100672E20 /* PardisoSupport */,
				75D839C616F1597100672E20 /* PaStiXSupport */,
				75D839C716F1597100672E20 /* QR */,
				75D839C816F1597100672E20 /* QtAlignedMalloc */,
				75D839C916F1597100672E20 /* Sparse */,
				75D839CA16F1597100672E20 /* SparseCholesky */,
				75D839CB16F1597100672E20 /* SparseCore */,
				75D839CC16F1597100672E20 /* src */,
				75D83AF316F1597100672E20 /* StdDeque */,
				75D83AF416F1597100672E20 /* StdList */,
				75D83AF516F1597100672E20 /* StdVector */,
				75D83AF616F1597100672E20 /* SuperLUSupport */,
				75D83AF716F1597100672E20 /* SVD */,
				75D83AF816F1597100672E20 /* UmfPackSupport */,
			);
			name = Eigen;
			path = Arnoux_Yoccoz/Eigen;
			sourceTree = "<group>";
		};
		75D839CC16F1597100672E20 /* src */ = {
			isa = PBXGroup;
			children = (
				75D839CD16F1597100672E20 /* Cholesky */,
				75D839D216F1597100672E20 /* CholmodSupport */,
				75D839D516F1597100672E20 /* CMakeLists.txt */,
				75D839D616F1597100672E20 /* Core */,
				75D83A4B16F1597100672E20 /* Eigen2Support */,
				75D83A6916F1597100672E20 /* Eigenvalues */,
				75D83A7716F1597100672E20 /* Geometry */,
				75D83A8A16F1597100672E20 /* Householder */,
				75D83A8F16F1597100672E20 /* IterativeLinearSolvers */,
				75D83A9616F1597100672E20 /* Jacobi */,
				75D83A9916F1597100672E20 /* LU */,
				75D83AA316F1597100672E20 /* misc */,
				75D83AAA16F1597100672E20 /* OrderingMethods */,
				75D83AAD16F1597100672E20 /* PardisoSupport */,
				75D83AB016F1597100672E20 /* PaStiXSupport */,
				75D83AB316F1597100672E20 /* plugins */,
				75D83ABC16F1597100672E20 /* QR */,
				75D83AC316F1597100672E20 /* SparseCholesky */,
				75D83AC616F1597100672E20 /* SparseCore */,
				75D83AE216F1597100672E20 /* StlSupport */,
				75D83AE816F1597100672E20 /* SuperLUSupport */,
				75D83AEB16F1597100672E20 /* SVD */,
				75D83AF016F1597100672E20 /* UmfPackSupport */,
			);
			path = src;
			sourceTree = "<group>";
		};
		75D839CD16F1597100672E20 /* Cholesky */ = {
			isa = PBXGroup;
			children = (
				75D839CE16F1597100672E20 /* CMakeLists.txt */,
				75D839CF16F1597100672E20 /* LDLT.h */,
				75D839D016F1597100672E20 /* LLT.h */,
				75D839D116F1597100672E20 /* LLT_MKL.h */,
			);
			path = Cholesky;
			sourceTree = "<group>";
		};
		75D839D216F1597100672E20 /* CholmodSupport */ = {
			isa = PBXGroup;
			children = (
				75D839D316F1597100672E20 /* CholmodSupport.h */,
				75D839D416F1597100672E20 /* CMakeLists.txt */,
			);
			path = CholmodSupport;
			sourceTree = "<group>";
		};
		75D839D616F1597100672E20 /* Core */ = {
			isa = PBXGroup;
			children = (
				75D839D716F1597100672E20 /* arch */,
				75D839E916F1597100672E20 /* Array.h */,
				75D839EA16F1597100672E20 /* ArrayBase.h */,
				75D839EB16F1597100672E20 /* ArrayWrapper.h */,
				75D839EC16F1597100672E20 /* Assign.h */,
				75D839ED16F1597100672E20 /* Assign_MKL.h */,
				75D839EE16F1597100672E20 /* BandMatrix.h */,
				75D839EF16F1597100672E20 /* Block.h */,
				75D839F016F1597100672E20 /* BooleanRedux.h */,
				75D839F116F1597100672E20 /* CMakeLists.txt */,
				75D839F216F1597100672E20 /* CommaInitializer.h */,
				75D839F316F1597100672E20 /* CwiseBinaryOp.h */,
				75D839F416F1597100672E20 /* CwiseNullaryOp.h */,
				75D839F516F1597100672E20 /* CwiseUnaryOp.h */,
				75D839F616F1597100672E20 /* CwiseUnaryView.h */,
				75D839F716F1597100672E20 /* DenseBase.h */,
				75D839F816F1597100672E20 /* DenseCoeffsBase.h */,
				75D839F916F1597100672E20 /* DenseStorage.h */,
				75D839FA16F1597100672E20 /* Diagonal.h */,
				75D839FB16F1597100672E20 /* DiagonalMatrix.h */,
				75D839FC16F1597100672E20 /* DiagonalProduct.h */,
				75D839FD16F1597100672E20 /* Dot.h */,
				75D839FE16F1597100672E20 /* EigenBase.h */,
				75D839FF16F1597100672E20 /* Flagged.h */,
				75D83A0016F1597100672E20 /* ForceAlignedAccess.h */,
				75D83A0116F1597100672E20 /* Functors.h */,
				75D83A0216F1597100672E20 /* Fuzzy.h */,
				75D83A0316F1597100672E20 /* GeneralProduct.h */,
				75D83A0416F1597100672E20 /* GenericPacketMath.h */,
				75D83A0516F1597100672E20 /* GlobalFunctions.h */,
				75D83A0616F1597100672E20 /* IO.h */,
				75D83A0716F1597100672E20 /* Map.h */,
				75D83A0816F1597100672E20 /* MapBase.h */,
				75D83A0916F1597100672E20 /* MathFunctions.h */,
				75D83A0A16F1597100672E20 /* Matrix.h */,
				75D83A0B16F1597100672E20 /* MatrixBase.h */,
				75D83A0C16F1597100672E20 /* NestByValue.h */,
				75D83A0D16F1597100672E20 /* NoAlias.h */,
				75D83A0E16F1597100672E20 /* NumTraits.h */,
				75D83A0F16F1597100672E20 /* PermutationMatrix.h */,
				75D83A1016F1597100672E20 /* PlainObjectBase.h */,
				75D83A1116F1597100672E20 /* Product.h */,
				75D83A1216F1597100672E20 /* ProductBase.h */,
				75D83A1316F1597100672E20 /* products */,
				75D83A2B16F1597100672E20 /* Random.h */,
				75D83A2C16F1597100672E20 /* Redux.h */,
				75D83A2D16F1597100672E20 /* Replicate.h */,
				75D83A2E16F1597100672E20 /* ReturnByValue.h */,
				75D83A2F16F1597100672E20 /* Reverse.h */,
				75D83A3016F1597100672E20 /* Select.h */,
				75D83A3116F1597100672E20 /* SelfAdjointView.h */,
				75D83A3216F1597100672E20 /* SelfCwiseBinaryOp.h */,
				75D83A3316F1597100672E20 /* SolveTriangular.h */,
				75D83A3416F1597100672E20 /* StableNorm.h */,
				75D83A3516F1597100672E20 /* Stride.h */,
				75D83A3616F1597100672E20 /* Swap.h */,
				75D83A3716F1597100672E20 /* Transpose.h */,
				75D83A3816F1597100672E20 /* Transpositions.h */,
				75D83A3916F1597100672E20 /* TriangularMatrix.h */,
				75D83A3A16F1597100672E20 /* util */,
				75D83A4816F1597100672E20 /* VectorBlock.h */,
				75D83A4916F1597100672E20 /* VectorwiseOp.h */,
				75D83A4A16F1597100672E20 /* Visitor.h */,
			);
			path = Core;
			sourceTree = "<group>";
		};
		75D839D716F1597100672E20 /* arch */ = {
			isa = PBXGroup;
			children = (
				75D839D816F1597100672E20 /* AltiVec */,
				75D839DC16F1597100672E20 /* CMakeLists.txt */,
				75D839DD16F1597100672E20 /* Default */,
				75D839E016F1597100672E20 /* NEON */,
				75D839E416F1597100672E20 /* SSE */,
			);
			path = arch;
			sourceTree = "<group>";
		};
		75D839D816F1597100672E20 /* AltiVec */ = {
			isa = PBXGroup;
			children = (
				75D839D916F1597100672E20 /* CMakeLists.txt */,
				75D839DA16F1597100672E20 /* Complex.h */,
				75D839DB16F1597100672E20 /* PacketMath.h */,
			);
			path = AltiVec;
			sourceTree = "<group>";
		};
		75D839DD16F1597100672E20 /* Default */ = {
			isa = PBXGroup;
			children = (
				75D839DE16F1597100672E20 /* CMakeLists.txt */,
				75D839DF16F1597100672E20 /* Settings.h */,
			);
			path = Default;
			sourceTree = "<group>";
		};
		75D839E016F1597100672E20 /* NEON */ = {
			isa = PBXGroup;
			children = (
				75D839E116F1597100672E20 /* CMakeLists.txt */,
				75D839E216F1597100672E20 /* Complex.h */,
				75D839E316F1597100672E20 /* PacketMath.h */,
			);
			path = NEON;
			sourceTree = "<group>";
		};
		75D839E416F1597100672E20 /* SSE */ = {
			isa = PBXGroup;
			children = (
				75D839E516F1597100672E20 /* CMakeLists.txt */,
				75D839E616F1597100672E20 /* Complex.h */,
				75D839E716F1597100672E20 /* MathFunctions.h */,
				75D839E816F1597100672E20 /* PacketMath.h */,
			);
			path = SSE;
			sourceTree = "<group>";
		};
		75D83A1316F1597100672E20 /* products */ = {
			isa = PBXGroup;
			children = (
				75D83A1416F1597100672E20 /* CMakeLists.txt */,
				75D83A1516F1597100672E20 /* CoeffBasedProduct.h */,
				75D83A1616F1597100672E20 /* GeneralBlockPanelKernel.h */,
				75D83A1716F1597100672E20 /* GeneralMatrixMatrix.h */,
				75D83A1816F1597100672E20 /* GeneralMatrixMatrix_MKL.h */,
				75D83A1916F1597100672E20 /* GeneralMatrixMatrixTriangular.h */,
				75D83A1A16F1597100672E20 /* GeneralMatrixMatrixTriangular_MKL.h */,
				75D83A1B16F1597100672E20 /* GeneralMatrixVector.h */,
				75D83A1C16F1597100672E20 /* GeneralMatrixVector_MKL.h */,
				75D83A1D16F1597100672E20 /* Parallelizer.h */,
				75D83A1E16F1597100672E20 /* SelfadjointMatrixMatrix.h */,
				75D83A1F16F1597100672E20 /* SelfadjointMatrixMatrix_MKL.h */,
				75D83A2016F1597100672E20 /* SelfadjointMatrixVector.h */,
				75D83A2116F1597100672E20 /* SelfadjointMatrixVector_MKL.h */,
				75D83A2216F1597100672E20 /* SelfadjointProduct.h */,
				75D83A2316F1597100672E20 /* SelfadjointRank2Update.h */,
				75D83A2416F1597100672E20 /* TriangularMatrixMatrix.h */,
				75D83A2516F1597100672E20 /* TriangularMatrixMatrix_MKL.h */,
				75D83A2616F1597100672E20 /* TriangularMatrixVector.h */,
				75D83A2716F1597100672E20 /* TriangularMatrixVector_MKL.h */,
				75D83A2816F1597100672E20 /* TriangularSolverMatrix.h */,
				75D83A2916F1597100672E20 /* TriangularSolverMatrix_MKL.h */,
				75D83A2A16F1597100672E20 /* TriangularSolverVector.h */,
			);
			path = products;
			sourceTree = "<group>";
		};
		75D83A3A16F1597100672E20 /* util */ = {
			isa = PBXGroup;
			children = (
				75D83A3B16F1597100672E20 /* BlasUtil.h */,
				75D83A3C16F1597100672E20 /* CMakeLists.txt */,
				75D83A3D16F1597100672E20 /* Constants.h */,
				75D83A3E16F1597100672E20 /* DisableStupidWarnings.h */,
				75D83A3F16F1597100672E20 /* ForwardDeclarations.h */,
				75D83A4016F1597100672E20 /* Macros.h */,
				75D83A4116F1597100672E20 /* Memory.h */,
				75D83A4216F1597100672E20 /* Meta.h */,
				75D83A4316F1597100672E20 /* MKL_support.h */,
				75D83A4416F1597100672E20 /* NonMPL2.h */,
				75D83A4516F1597100672E20 /* ReenableStupidWarnings.h */,
				75D83A4616F1597100672E20 /* StaticAssert.h */,
				75D83A4716F1597100672E20 /* XprHelper.h */,
			);
			path = util;
			sourceTree = "<group>";
		};
		75D83A4B16F1597100672E20 /* Eigen2Support */ = {
			isa = PBXGroup;
			children = (
				75D83A4C16F1597100672E20 /* Block.h */,
				75D83A4D16F1597100672E20 /* CMakeLists.txt */,
				75D83A4E16F1597100672E20 /* Cwise.h */,
				75D83A4F16F1597100672E20 /* CwiseOperators.h */,
				75D83A5016F1597100672E20 /* Geometry */,
				75D83A5D16F1597100672E20 /* Lazy.h */,
				75D83A5E16F1597100672E20 /* LeastSquares.h */,
				75D83A5F16F1597100672E20 /* LU.h */,
				75D83A6016F1597100672E20 /* Macros.h */,
				75D83A6116F1597100672E20 /* MathFunctions.h */,
				75D83A6216F1597100672E20 /* Memory.h */,
				75D83A6316F1597100672E20 /* Meta.h */,
				75D83A6416F1597100672E20 /* Minor.h */,
				75D83A6516F1597100672E20 /* QR.h */,
				75D83A6616F1597100672E20 /* SVD.h */,
				75D83A6716F1597100672E20 /* TriangularSolver.h */,
				75D83A6816F1597100672E20 /* VectorBlock.h */,
			);
			path = Eigen2Support;
			sourceTree = "<group>";
		};
		75D83A5016F1597100672E20 /* Geometry */ = {
			isa = PBXGroup;
			children = (
				75D83A5116F1597100672E20 /* AlignedBox.h */,
				75D83A5216F1597100672E20 /* All.h */,
				75D83A5316F1597100672E20 /* AngleAxis.h */,
				75D83A5416F1597100672E20 /* CMakeLists.txt */,
				75D83A5516F1597100672E20 /* Hyperplane.h */,
				75D83A5616F1597100672E20 /* ParametrizedLine.h */,
				75D83A5716F1597100672E20 /* Quaternion.h */,
				75D83A5816F1597100672E20 /* Rotation2D.h */,
				75D83A5916F1597100672E20 /* RotationBase.h */,
				75D83A5A16F1597100672E20 /* Scaling.h */,
				75D83A5B16F1597100672E20 /* Transform.h */,
				75D83A5C16F1597100672E20 /* Translation.h */,
			);
			path = Geometry;
			sourceTree = "<group>";
		};
		75D83A6916F1597100672E20 /* Eigenvalues */ = {
			isa = PBXGroup;
			children = (
				75D83A6A16F1597100672E20 /* CMakeLists.txt */,
				75D83A6B16F1597100672E20 /* ComplexEigenSolver.h */,
				75D83A6C16F1597100672E20 /* ComplexSchur.h */,
				75D83A6D16F1597100672E20 /* ComplexSchur_MKL.h */,
				75D83A6E16F1597100672E20 /* EigenSolver.h */,
				75D83A6F16F1597100672E20 /* GeneralizedSelfAdjointEigenSolver.h */,
				75D83A7016F1597100672E20 /* HessenbergDecomposition.h */,
				75D83A7116F1597100672E20 /* MatrixBaseEigenvalues.h */,
				75D83A7216F1597100672E20 /* RealSchur.h */,
				75D83A7316F1597100672E20 /* RealSchur_MKL.h */,
				75D83A7416F1597100672E20 /* SelfAdjointEigenSolver.h */,
				75D83A7516F1597100672E20 /* SelfAdjointEigenSolver_MKL.h */,
				75D83A7616F1597100672E20 /* Tridiagonalization.h */,
			);
			path = Eigenvalues;
			sourceTree = "<group>";
		};
		75D83A7716F1597100672E20 /* Geometry */ = {
			isa = PBXGroup;
			children = (
				75D83A7816F1597100672E20 /* AlignedBox.h */,
				75D83A7916F1597100672E20 /* AngleAxis.h */,
				75D83A7A16F1597100672E20 /* arch */,
				75D83A7D16F1597100672E20 /* CMakeLists.txt */,
				75D83A7E16F1597100672E20 /* EulerAngles.h */,
				75D83A7F16F1597100672E20 /* Homogeneous.h */,
				75D83A8016F1597100672E20 /* Hyperplane.h */,
				75D83A8116F1597100672E20 /* OrthoMethods.h */,
				75D83A8216F1597100672E20 /* ParametrizedLine.h */,
				75D83A8316F1597100672E20 /* Quaternion.h */,
				75D83A8416F1597100672E20 /* Rotation2D.h */,
				75D83A8516F1597100672E20 /* RotationBase.h */,
				75D83A8616F1597100672E20 /* Scaling.h */,
				75D83A8716F1597100672E20 /* Transform.h */,
				75D83A8816F1597100672E20 /* Translation.h */,
				75D83A8916F1597100672E20 /* Umeyama.h */,
			);
			path = Geometry;
			sourceTree = "<group>";
		};
		75D83A7A16F1597100672E20 /* arch */ = {
			isa = PBXGroup;
			children = (
				75D83A7B16F1597100672E20 /* CMakeLists.txt */,
				75D83A7C16F1597100672E20 /* Geometry_SSE.h */,
			);
			path = arch;
			sourceTree = "<group>";
		};
		75D83A8A16F1597100672E20 /* Householder */ = {
			isa = PBXGroup;
			children = (
				75D83A8B16F1597100672E20 /* BlockHouseholder.h */,
				75D83A8C16F1597100672E20 /* CMakeLists.txt */,
				75D83A8D16F1597100672E20 /* Householder.h */,
				75D83A8E16F1597100672E20 /* HouseholderSequence.h */,
			);
			path = Householder;
			sourceTree = "<group>";
		};
		75D83A8F16F1597100672E20 /* IterativeLinearSolvers */ = {
			isa = PBXGroup;
			children = (
				75D83A9016F1597100672E20 /* BasicPreconditioners.h */,
				75D83A9116F1597100672E20 /* BiCGSTAB.h */,
				75D83A9216F1597100672E20 /* CMakeLists.txt */,
				75D83A9316F1597100672E20 /* ConjugateGradient.h */,
				75D83A9416F1597100672E20 /* IncompleteLUT.h */,
				75D83A9516F1597100672E20 /* IterativeSolverBase.h */,
			);
			path = IterativeLinearSolvers;
			sourceTree = "<group>";
		};
		75D83A9616F1597100672E20 /* Jacobi */ = {
			isa = PBXGroup;
			children = (
				75D83A9716F1597100672E20 /* CMakeLists.txt */,
				75D83A9816F1597100672E20 /* Jacobi.h */,
			);
			path = Jacobi;
			sourceTree = "<group>";
		};
		75D83A9916F1597100672E20 /* LU */ = {
			isa = PBXGroup;
			children = (
				75D83A9A16F1597100672E20 /* arch */,
				75D83A9D16F1597100672E20 /* CMakeLists.txt */,
				75D83A9E16F1597100672E20 /* Determinant.h */,
				75D83A9F16F1597100672E20 /* FullPivLU.h */,
				75D83AA016F1597100672E20 /* Inverse.h */,
				75D83AA116F1597100672E20 /* PartialPivLU.h */,
				75D83AA216F1597100672E20 /* PartialPivLU_MKL.h */,
			);
			path = LU;
			sourceTree = "<group>";
		};
		75D83A9A16F1597100672E20 /* arch */ = {
			isa = PBXGroup;
			children = (
				75D83A9B16F1597100672E20 /* CMakeLists.txt */,
				75D83A9C16F1597100672E20 /* Inverse_SSE.h */,
			);
			path = arch;
			sourceTree = "<group>";
		};
		75D83AA316F1597100672E20 /* misc */ = {
			isa = PBXGroup;
			children = (
				75D83AA416F1597100672E20 /* blas.h */,
				75D83AA516F1597100672E20 /* CMakeLists.txt */,
				75D83AA616F1597100672E20 /* Image.h */,
				75D83AA716F1597100672E20 /* Kernel.h */,
				75D83AA816F1597100672E20 /* Solve.h */,
				75D83AA916F1597100672E20 /* SparseSolve.h */,
			);
			path = misc;
			sourceTree = "<group>";
		};
		75D83AAA16F1597100672E20 /* OrderingMethods */ = {
			isa = PBXGroup;
			children = (
				75D83AAB16F1597100672E20 /* Amd.h */,
				75D83AAC16F1597100672E20 /* CMakeLists.txt */,
			);
			path = OrderingMethods;
			sourceTree = "<group>";
		};
		75D83AAD16F1597100672E20 /* PardisoSupport */ = {
			isa = PBXGroup;
			children = (
				75D83AAE16F1597100672E20 /* CMakeLists.txt */,
				75D83AAF16F1597100672E20 /* PardisoSupport.h */,
			);
			path = PardisoSupport;
			sourceTree = "<group>";
		};
		75D83AB016F1597100672E20 /* PaStiXSupport */ = {
			isa = PBXGroup;
			children = (
				75D83AB116F1597100672E20 /* CMakeLists.txt */,
				75D83AB216F1597100672E20 /* PaStiXSupport.h */,
			);
			path = PaStiXSupport;
			sourceTree = "<group>";
		};
		75D83AB316F1597100672E20 /* plugins */ = {
			isa = PBXGroup;
			children = (
				75D83AB416F1597100672E20 /* ArrayCwiseBinaryOps.h */,
				75D83AB516F1597100672E20 /* ArrayCwiseUnaryOps.h */,
				75D83AB616F1597100672E20 /* BlockMethods.h */,
				75D83AB716F1597100672E20 /* CMakeLists.txt */,
				75D83AB816F1597100672E20 /* CommonCwiseBinaryOps.h */,
				75D83AB916F1597100672E20 /* CommonCwiseUnaryOps.h */,
				75D83ABA16F1597100672E20 /* MatrixCwiseBinaryOps.h */,
				75D83ABB16F1597100672E20 /* MatrixCwiseUnaryOps.h */,
			);
			path = plugins;
			sourceTree = "<group>";
		};
		75D83ABC16F1597100672E20 /* QR */ = {
			isa = PBXGroup;
			children = (
				75D83ABD16F1597100672E20 /* CMakeLists.txt */,
				75D83ABE16F1597100672E20 /* ColPivHouseholderQR.h */,
				75D83ABF16F1597100672E20 /* ColPivHouseholderQR_MKL.h */,
				75D83AC016F1597100672E20 /* FullPivHouseholderQR.h */,
				75D83AC116F1597100672E20 /* HouseholderQR.h */,
				75D83AC216F1597100672E20 /* HouseholderQR_MKL.h */,
			);
			path = QR;
			sourceTree = "<group>";
		};
		75D83AC316F1597100672E20 /* SparseCholesky */ = {
			isa = PBXGroup;
			children = (
				75D83AC416F1597100672E20 /* CMakeLists.txt */,
				75D83AC516F1597100672E20 /* SimplicialCholesky.h */,
			);
			path = SparseCholesky;
			sourceTree = "<group>";
		};
		75D83AC616F1597100672E20 /* SparseCore */ = {
			isa = PBXGroup;
			children = (
				75D83AC716F1597100672E20 /* AmbiVector.h */,
				75D83AC816F1597100672E20 /* CMakeLists.txt */,
				75D83AC916F1597100672E20 /* CompressedStorage.h */,
				75D83ACA16F1597100672E20 /* ConservativeSparseSparseProduct.h */,
				75D83ACB16F1597100672E20 /* CoreIterators.h */,
				75D83ACC16F1597100672E20 /* MappedSparseMatrix.h */,
				75D83ACD16F1597100672E20 /* SparseAssign.h */,
				75D83ACE16F1597100672E20 /* SparseBlock.h */,
				75D83ACF16F1597100672E20 /* SparseCwiseBinaryOp.h */,
				75D83AD016F1597100672E20 /* SparseCwiseUnaryOp.h */,
				75D83AD116F1597100672E20 /* SparseDenseProduct.h */,
				75D83AD216F1597100672E20 /* SparseDiagonalProduct.h */,
				75D83AD316F1597100672E20 /* SparseDot.h */,
				75D83AD416F1597100672E20 /* SparseFuzzy.h */,
				75D83AD516F1597100672E20 /* SparseMatrix.h */,
				75D83AD616F1597100672E20 /* SparseMatrixBase.h */,
				75D83AD716F1597100672E20 /* SparsePermutation.h */,
				75D83AD816F1597100672E20 /* SparseProduct.h */,
				75D83AD916F1597100672E20 /* SparseRedux.h */,
				75D83ADA16F1597100672E20 /* SparseSelfAdjointView.h */,
				75D83ADB16F1597100672E20 /* SparseSparseProductWithPruning.h */,
				75D83ADC16F1597100672E20 /* SparseTranspose.h */,
				75D83ADD16F1597100672E20 /* SparseTriangularView.h */,
				75D83ADE16F1597100672E20 /* SparseUtil.h */,
				75D83ADF16F1597100672E20 /* SparseVector.h */,
				75D83AE016F1597100672E20 /* SparseView.h */,
				75D83AE116F1597100672E20 /* TriangularSolver.h */,
			);
			path = SparseCore;
			sourceTree = "<group>";
		};
		75D83AE216F1597100672E20 /* StlSupport */ = {
			isa = PBXGroup;
			children = (
				75D83AE316F1597100672E20 /* CMakeLists.txt */,
				75D83AE416F1597100672E20 /* details.h */,
				75D83AE516F1597100672E20 /* StdDeque.h */,
				75D83AE616F1597100672E20 /* StdList.h */,
				75D83AE716F1597100672E20 /* StdVector.h */,
			);
			path = StlSupport;
			sourceTree = "<group>";
		};
		75D83AE816F1597100672E20 /* SuperLUSupport */ = {
			isa = PBXGroup;
			children = (
				75D83AE916F1597100672E20 /* CMakeLists.txt */,
				75D83AEA16F1597100672E20 /* SuperLUSupport.h */,
			);
			path = SuperLUSupport;
			sourceTree = "<group>";
		};
		75D83AEB16F1597100672E20 /* SVD */ = {
			isa = PBXGroup;
			children = (
				75D83AEC16F1597100672E20 /* CMakeLists.txt */,
				75D83AED16F1597100672E20 /* JacobiSVD.h */,
				75D83AEE16F1597100672E20 /* JacobiSVD_MKL.h */,
				75D83AEF16F1597100672E20 /* UpperBidiagonalization.h */,
			);
			path = SVD;
			sourceTree = "<group>";
		};
		75D83AF016F1597100672E20 /* UmfPackSupport */ = {
			isa = PBXGroup;
			children = (
				75D83AF116F1597100672E20 /* CMakeLists.txt */,
				75D83AF216F1597100672E20 /* UmfPackSupport.h */,
			);
			path = UmfPackSupport;
			sourceTree = "<group>";
		};
/* End PBXGroup section */

/* Begin PBXNativeTarget section */
		75D8399F16F158F600672E20 /* Arnoux_Yoccoz */ = {
			isa = PBXNativeTarget;
			buildConfigurationList = 75D839A916F158F600672E20 /* Build configuration list for PBXNativeTarget "Arnoux_Yoccoz" */;
			buildPhases = (
				75D8399C16F158F600672E20 /* Sources */,
				75D8399D16F158F600672E20 /* Frameworks */,
				75D8399E16F158F600672E20 /* CopyFiles */,
			);
			buildRules = (
			);
			dependencies = (
			);
			name = Arnoux_Yoccoz;
			productName = Arnoux_Yoccoz;
			productReference = 75D839A016F158F600672E20 /* Arnoux_Yoccoz */;
			productType = "com.apple.product-type.tool";
		};
/* End PBXNativeTarget section */

/* Begin PBXProject section */
		75D8399816F158F600672E20 /* Project object */ = {
			isa = PBXProject;
			attributes = {
				LastUpgradeCheck = 0460;
				ORGANIZATIONNAME = "Balazs Strenner";
			};
			buildConfigurationList = 75D8399B16F158F600672E20 /* Build configuration list for PBXProject "Arnoux_Yoccoz" */;
			compatibilityVersion = "Xcode 3.2";
			developmentRegion = English;
			hasScannedForEncodings = 0;
			knownRegions = (
				en,
			);
			mainGroup = 75D8399716F158F600672E20;
			productRefGroup = 75D839A116F158F600672E20 /* Products */;
			projectDirPath = "";
			projectRoot = "";
			targets = (
				75D8399F16F158F600672E20 /* Arnoux_Yoccoz */,
			);
		};
/* End PBXProject section */

/* Begin PBXSourcesBuildPhase section */
		75D8399C16F158F600672E20 /* Sources */ = {
			isa = PBXSourcesBuildPhase;
			buildActionMask = 2147483647;
			files = (
				75D839A416F158F600672E20 /* main.cpp in Sources */,
				75D83B0116F1597100672E20 /* AlmostPFMatrix.cpp in Sources */,
				75D83B0316F1597100672E20 /* ArcsAroundDivPoints.cpp in Sources */,
				75D83B0416F1597100672E20 /* UnitIntervalPoint.cpp in Sources */,
				75D83B0716F1597100672E20 /* WeighedTree.cpp in Sources */,
				753C7C1F16F24E8300165E34 /* Foliation.cpp in Sources */,
				753C7C2216F2577C00165E34 /* IntervalExchangeMap.cpp in Sources */,
				753C7C2416F4062600165E34 /* FoliationRP2.cpp in Sources */,
				753C7C2616F4E75000165E34 /* global.cpp in Sources */,
			);
			runOnlyForDeploymentPostprocessing = 0;
		};
/* End PBXSourcesBuildPhase section */

/* Begin XCBuildConfiguration section */
		75D839A716F158F600672E20 /* Debug */ = {
			isa = XCBuildConfiguration;
			buildSettings = {
				ALWAYS_SEARCH_USER_PATHS = NO;
				ARCHS = "$(ARCHS_STANDARD_64_BIT)";
				CLANG_CXX_LANGUAGE_STANDARD = "gnu++0x";
				CLANG_CXX_LIBRARY = "libc++";
				CLANG_ENABLE_OBJC_ARC = YES;
				CLANG_WARN_CONSTANT_CONVERSION = YES;
				CLANG_WARN_EMPTY_BODY = YES;
				CLANG_WARN_ENUM_CONVERSION = YES;
				CLANG_WARN_INT_CONVERSION = YES;
				CLANG_WARN__DUPLICATE_METHOD_MATCH = YES;
				COPY_PHASE_STRIP = NO;
				GCC_C_LANGUAGE_STANDARD = gnu99;
				GCC_DYNAMIC_NO_PIC = NO;
				GCC_ENABLE_OBJC_EXCEPTIONS = YES;
				GCC_OPTIMIZATION_LEVEL = 0;
				GCC_PREPROCESSOR_DEFINITIONS = (
					"DEBUG=1",
					"$(inherited)",
				);
				GCC_SYMBOLS_PRIVATE_EXTERN = NO;
				GCC_WARN_64_TO_32_BIT_CONVERSION = YES;
				GCC_WARN_ABOUT_RETURN_TYPE = YES;
				GCC_WARN_UNINITIALIZED_AUTOS = YES;
				GCC_WARN_UNUSED_VARIABLE = YES;
				MACOSX_DEPLOYMENT_TARGET = 10.7;
				ONLY_ACTIVE_ARCH = YES;
				SDKROOT = macosx;
			};
			name = Debug;
		};
		75D839A816F158F600672E20 /* Release */ = {
			isa = XCBuildConfiguration;
			buildSettings = {
				ALWAYS_SEARCH_USER_PATHS = NO;
				ARCHS = "$(ARCHS_STANDARD_64_BIT)";
				CLANG_CXX_LANGUAGE_STANDARD = "gnu++0x";
				CLANG_CXX_LIBRARY = "libc++";
				CLANG_ENABLE_OBJC_ARC = YES;
				CLANG_WARN_CONSTANT_CONVERSION = YES;
				CLANG_WARN_EMPTY_BODY = YES;
				CLANG_WARN_ENUM_CONVERSION = YES;
				CLANG_WARN_INT_CONVERSION = YES;
				CLANG_WARN__DUPLICATE_METHOD_MATCH = YES;
				COPY_PHASE_STRIP = YES;
				DEBUG_INFORMATION_FORMAT = "dwarf-with-dsym";
				GCC_C_LANGUAGE_STANDARD = gnu99;
				GCC_ENABLE_OBJC_EXCEPTIONS = YES;
				GCC_WARN_64_TO_32_BIT_CONVERSION = YES;
				GCC_WARN_ABOUT_RETURN_TYPE = YES;
				GCC_WARN_UNINITIALIZED_AUTOS = YES;
				GCC_WARN_UNUSED_VARIABLE = YES;
				MACOSX_DEPLOYMENT_TARGET = 10.7;
				SDKROOT = macosx;
			};
			name = Release;
		};
		75D839AA16F158F600672E20 /* Debug */ = {
			isa = XCBuildConfiguration;
			buildSettings = {
				PRODUCT_NAME = "$(TARGET_NAME)";
			};
			name = Debug;
		};
		75D839AB16F158F600672E20 /* Release */ = {
			isa = XCBuildConfiguration;
			buildSettings = {
				PRODUCT_NAME = "$(TARGET_NAME)";
			};
			name = Release;
		};
/* End XCBuildConfiguration section */

/* Begin XCConfigurationList section */
		75D8399B16F158F600672E20 /* Build configuration list for PBXProject "Arnoux_Yoccoz" */ = {
			isa = XCConfigurationList;
			buildConfigurations = (
				75D839A716F158F600672E20 /* Debug */,
				75D839A816F158F600672E20 /* Release */,
			);
			defaultConfigurationIsVisible = 0;
			defaultConfigurationName = Release;
		};
		75D839A916F158F600672E20 /* Build configuration list for PBXNativeTarget "Arnoux_Yoccoz" */ = {
			isa = XCConfigurationList;
			buildConfigurations = (
				75D839AA16F158F600672E20 /* Debug */,
				75D839AB16F158F600672E20 /* Release */,
			);
			defaultConfigurationIsVisible = 0;
			defaultConfigurationName = Release;
		};
/* End XCConfigurationList section */
	};
	rootObject = 75D8399816F158F600672E20 /* Project object */;
}
